// !$*UTF8*$!
{
	archiveVersion = 1;
	classes = {
	};
	objectVersion = 51;
	objects = {

/* Begin PBXBuildFile section */
		581FB7C022A8D51B0045FB39 /* CoreGraphics.framework in Frameworks */ = {isa = PBXBuildFile; fileRef = 581FB7BF22A8D51B0045FB39 /* CoreGraphics.framework */; };
		581FB7C222A8D5730045FB39 /* SystemConfiguration.framework in Frameworks */ = {isa = PBXBuildFile; fileRef = 581FB7C122A8D5720045FB39 /* SystemConfiguration.framework */; };
		581FB7C422A8D57F0045FB39 /* libc++.1.tbd in Frameworks */ = {isa = PBXBuildFile; fileRef = 581FB7C322A8D57F0045FB39 /* libc++.1.tbd */; };
		581FB7C622A8D5890045FB39 /* libz.1.1.3.tbd in Frameworks */ = {isa = PBXBuildFile; fileRef = 581FB7C522A8D5890045FB39 /* libz.1.1.3.tbd */; };
		581FB7CA22A8DF890045FB39 /* libUMessage_Sdk_1.5.0a.a in Frameworks */ = {isa = PBXBuildFile; fileRef = 581FB7C822A8DF890045FB39 /* libUMessage_Sdk_1.5.0a.a */; };
		5831C63B22A504E60023D1E5 /* GGXXYYHomeVC.m in Sources */ = {isa = PBXBuildFile; fileRef = 5831C63322A504E50023D1E5 /* GGXXYYHomeVC.m */; };
		5831C69322A5057A0023D1E5 /* GGXXYYSignleTool.m in Sources */ = {isa = PBXBuildFile; fileRef = 5831C69122A5057A0023D1E5 /* GGXXYYSignleTool.m */; };
		583332A6229FDE69008DD9CF /* UIView+KKEB.m in Sources */ = {isa = PBXBuildFile; fileRef = 583332A4229FDE68008DD9CF /* UIView+KKEB.m */; };
		5862759A22A8FEC0002BDEB1 /* zkSignleTool.m in Sources */ = {isa = PBXBuildFile; fileRef = 5862759922A8FEC0002BDEB1 /* zkSignleTool.m */; };
		586275E822A905EB002BDEB1 /* YJAddAddressVC.m in Sources */ = {isa = PBXBuildFile; fileRef = 586275B022A905E2002BDEB1 /* YJAddAddressVC.m */; };
		586275E922A905EB002BDEB1 /* MineVC.m in Sources */ = {isa = PBXBuildFile; fileRef = 586275B322A905E2002BDEB1 /* MineVC.m */; };
		586275EA22A905EB002BDEB1 /* YJGouWuChe.m in Sources */ = {isa = PBXBuildFile; fileRef = 586275B722A905E3002BDEB1 /* YJGouWuChe.m */; };
		586275EB22A905EB002BDEB1 /* kkMyCarCell.xib in Resources */ = {isa = PBXBuildFile; fileRef = 586275B822A905E3002BDEB1 /* kkMyCarCell.xib */; };
		586275EC22A905EB002BDEB1 /* YJGoodDetailTVC.m in Sources */ = {isa = PBXBuildFile; fileRef = 586275B922A905E3002BDEB1 /* YJGoodDetailTVC.m */; };
		586275ED22A905EB002BDEB1 /* YJhelpVC.m in Sources */ = {isa = PBXBuildFile; fileRef = 586275BA22A905E3002BDEB1 /* YJhelpVC.m */; };
		586275EE22A905EB002BDEB1 /* kkMyCarCell.m in Sources */ = {isa = PBXBuildFile; fileRef = 586275BC22A905E3002BDEB1 /* kkMyCarCell.m */; };
		586275EF22A905EB002BDEB1 /* YJhelpVC.xib in Resources */ = {isa = PBXBuildFile; fileRef = 586275BE22A905E4002BDEB1 /* YJhelpVC.xib */; };
		586275F022A905EB002BDEB1 /* YJAddressCell.xib in Resources */ = {isa = PBXBuildFile; fileRef = 586275BF22A905E4002BDEB1 /* YJAddressCell.xib */; };
		586275F122A905EB002BDEB1 /* yjMineCell.xib in Resources */ = {isa = PBXBuildFile; fileRef = 586275C022A905E4002BDEB1 /* yjMineCell.xib */; };
		586275F222A905EB002BDEB1 /* kkRenZhengVC.xib in Resources */ = {isa = PBXBuildFile; fileRef = 586275C222A905E4002BDEB1 /* kkRenZhengVC.xib */; };
		586275F322A905EB002BDEB1 /* YJHomeCell.m in Sources */ = {isa = PBXBuildFile; fileRef = 586275C322A905E5002BDEB1 /* YJHomeCell.m */; };
		586275F422A905EB002BDEB1 /* YJHomeCell.xib in Resources */ = {isa = PBXBuildFile; fileRef = 586275C422A905E5002BDEB1 /* YJHomeCell.xib */; };
		586275F522A905EB002BDEB1 /* YJHomeModel.m in Sources */ = {isa = PBXBuildFile; fileRef = 586275C522A905E5002BDEB1 /* YJHomeModel.m */; };
		586275F622A905EB002BDEB1 /* YJXieYiVC.xib in Resources */ = {isa = PBXBuildFile; fileRef = 586275C622A905E5002BDEB1 /* YJXieYiVC.xib */; };
		586275F722A905EB002BDEB1 /* YJOutVC.xib in Resources */ = {isa = PBXBuildFile; fileRef = 586275CA22A905E6002BDEB1 /* YJOutVC.xib */; };
		586275F822A905EB002BDEB1 /* kkRenZhengVC.m in Sources */ = {isa = PBXBuildFile; fileRef = 586275CB22A905E6002BDEB1 /* kkRenZhengVC.m */; };
		586275F922A905EB002BDEB1 /* YJOutVC.m in Sources */ = {isa = PBXBuildFile; fileRef = 586275CD22A905E6002BDEB1 /* YJOutVC.m */; };
		586275FA22A905EB002BDEB1 /* NewsVC.m in Sources */ = {isa = PBXBuildFile; fileRef = 586275CE22A905E6002BDEB1 /* NewsVC.m */; };
		586275FB22A905EB002BDEB1 /* YJWenTiVC.m in Sources */ = {isa = PBXBuildFile; fileRef = 586275D022A905E7002BDEB1 /* YJWenTiVC.m */; };
		586275FC22A905EB002BDEB1 /* kkJieSuanVC.xib in Resources */ = {isa = PBXBuildFile; fileRef = 586275D122A905E7002BDEB1 /* kkJieSuanVC.xib */; };
		586275FD22A905EB002BDEB1 /* YJNewsCell.m in Sources */ = {isa = PBXBuildFile; fileRef = 586275D322A905E7002BDEB1 /* YJNewsCell.m */; };
		586275FE22A905EB002BDEB1 /* YJWenTiVC.xib in Resources */ = {isa = PBXBuildFile; fileRef = 586275D422A905E7002BDEB1 /* YJWenTiVC.xib */; };
		586275FF22A905EB002BDEB1 /* YJAddressCell.m in Sources */ = {isa = PBXBuildFile; fileRef = 586275D522A905E7002BDEB1 /* YJAddressCell.m */; };
		5862760022A905EB002BDEB1 /* zkLoginVC.m in Sources */ = {isa = PBXBuildFile; fileRef = 586275D822A905E8002BDEB1 /* zkLoginVC.m */; };
		5862760122A905EB002BDEB1 /* HomeVC.m in Sources */ = {isa = PBXBuildFile; fileRef = 586275D922A905E8002BDEB1 /* HomeVC.m */; };
		5862760222A905EB002BDEB1 /* kkSearchTVC.m in Sources */ = {isa = PBXBuildFile; fileRef = 586275DA22A905E8002BDEB1 /* kkSearchTVC.m */; };
		5862760322A905EB002BDEB1 /* YJXieYiVC.m in Sources */ = {isa = PBXBuildFile; fileRef = 586275DB22A905E9002BDEB1 /* YJXieYiVC.m */; };
		5862760422A905EB002BDEB1 /* kkMineGouWuListTVC.m in Sources */ = {isa = PBXBuildFile; fileRef = 586275DC22A905E9002BDEB1 /* kkMineGouWuListTVC.m */; };
		5862760522A905EB002BDEB1 /* YJNewsCell.xib in Resources */ = {isa = PBXBuildFile; fileRef = 586275DD22A905E9002BDEB1 /* YJNewsCell.xib */; };
		5862760622A905EB002BDEB1 /* YJAddAddressVC.xib in Resources */ = {isa = PBXBuildFile; fileRef = 586275DF22A905E9002BDEB1 /* YJAddAddressVC.xib */; };
		5862760722A905EB002BDEB1 /* zkLoginVC.xib in Resources */ = {isa = PBXBuildFile; fileRef = 586275E022A905EA002BDEB1 /* zkLoginVC.xib */; };
		5862760822A905EB002BDEB1 /* yjMineCell.m in Sources */ = {isa = PBXBuildFile; fileRef = 586275E222A905EA002BDEB1 /* yjMineCell.m */; };
		5862760922A905EB002BDEB1 /* kkJieSuanVC.m in Sources */ = {isa = PBXBuildFile; fileRef = 586275E422A905EA002BDEB1 /* kkJieSuanVC.m */; };
		5862760A22A905EB002BDEB1 /* YJAddressTVC.m in Sources */ = {isa = PBXBuildFile; fileRef = 586275E722A905EB002BDEB1 /* YJAddressTVC.m */; };
		5862764522A90727002BDEB1 /* GGXXYYAddressCell.xib in Resources */ = {isa = PBXBuildFile; fileRef = 5862760D22A90726002BDEB1 /* GGXXYYAddressCell.xib */; };
		5862764622A90727002BDEB1 /* GGXXYYSearchTVC.m in Sources */ = {isa = PBXBuildFile; fileRef = 5862760E22A90726002BDEB1 /* GGXXYYSearchTVC.m */; };
		5862764722A90727002BDEB1 /* GGXXYYNewsCell.m in Sources */ = {isa = PBXBuildFile; fileRef = 5862761022A90726002BDEB1 /* GGXXYYNewsCell.m */; };
		5862764822A90727002BDEB1 /* GGXXYYMineGouWuListTVC.m in Sources */ = {isa = PBXBuildFile; fileRef = 5862761122A90726002BDEB1 /* GGXXYYMineGouWuListTVC.m */; };
		5862764922A90727002BDEB1 /* GGXXYYhelpVC.m in Sources */ = {isa = PBXBuildFile; fileRef = 5862761522A90726002BDEB1 /* GGXXYYhelpVC.m */; };
		5862764A22A90727002BDEB1 /* GGXXYYSuanVC.xib in Resources */ = {isa = PBXBuildFile; fileRef = 5862761822A90726002BDEB1 /* GGXXYYSuanVC.xib */; };
		5862764B22A90727002BDEB1 /* GGXXYYOutVC.xib in Resources */ = {isa = PBXBuildFile; fileRef = 5862761A22A90726002BDEB1 /* GGXXYYOutVC.xib */; };
		5862764C22A90727002BDEB1 /* GGXXYYAddAddressVC.m in Sources */ = {isa = PBXBuildFile; fileRef = 5862761C22A90726002BDEB1 /* GGXXYYAddAddressVC.m */; };
		5862764D22A90727002BDEB1 /* GGXXYYAddAddressVC.xib in Resources */ = {isa = PBXBuildFile; fileRef = 5862761D22A90726002BDEB1 /* GGXXYYAddAddressVC.xib */; };
		5862764E22A90727002BDEB1 /* GGXXYYLoginVC.m in Sources */ = {isa = PBXBuildFile; fileRef = 5862761E22A90727002BDEB1 /* GGXXYYLoginVC.m */; };
		5862764F22A90727002BDEB1 /* GGXXYYMineCell.xib in Resources */ = {isa = PBXBuildFile; fileRef = 5862762022A90727002BDEB1 /* GGXXYYMineCell.xib */; };
		5862765022A90727002BDEB1 /* GGXXYYGouWuChe.m in Sources */ = {isa = PBXBuildFile; fileRef = 5862762122A90727002BDEB1 /* GGXXYYGouWuChe.m */; };
		5862765122A90727002BDEB1 /* GGXXYYOutVC.m in Sources */ = {isa = PBXBuildFile; fileRef = 5862762222A90727002BDEB1 /* GGXXYYOutVC.m */; };
		5862765222A90727002BDEB1 /* GGXXYYGoodDetailTVC.m in Sources */ = {isa = PBXBuildFile; fileRef = 5862762322A90727002BDEB1 /* GGXXYYGoodDetailTVC.m */; };
		5862765322A90727002BDEB1 /* GGXXYYMineCell.m in Sources */ = {isa = PBXBuildFile; fileRef = 5862762422A90727002BDEB1 /* GGXXYYMineCell.m */; };
		5862765422A90727002BDEB1 /* GGXXYYRenZhengVC.m in Sources */ = {isa = PBXBuildFile; fileRef = 5862762522A90727002BDEB1 /* GGXXYYRenZhengVC.m */; };
		5862765522A90727002BDEB1 /* GGXXYYAddressCell.m in Sources */ = {isa = PBXBuildFile; fileRef = 5862762822A90727002BDEB1 /* GGXXYYAddressCell.m */; };
		5862765622A90727002BDEB1 /* GGXXYYHomeModel.m in Sources */ = {isa = PBXBuildFile; fileRef = 5862762922A90727002BDEB1 /* GGXXYYHomeModel.m */; };
		5862765722A90727002BDEB1 /* GGXXYYNewsVC.m in Sources */ = {isa = PBXBuildFile; fileRef = 5862762A22A90727002BDEB1 /* GGXXYYNewsVC.m */; };
		5862765822A90727002BDEB1 /* GGXXYYMyCarCell.xib in Resources */ = {isa = PBXBuildFile; fileRef = 5862762D22A90727002BDEB1 /* GGXXYYMyCarCell.xib */; };
		5862765922A90727002BDEB1 /* GGXXYYAddressTVC.m in Sources */ = {isa = PBXBuildFile; fileRef = 5862762F22A90727002BDEB1 /* GGXXYYAddressTVC.m */; };
		5862765A22A90727002BDEB1 /* GGXXYYMyCarCell.m in Sources */ = {isa = PBXBuildFile; fileRef = 5862763022A90727002BDEB1 /* GGXXYYMyCarCell.m */; };
		5862765B22A90727002BDEB1 /* GGXXYYXieYiVC.xib in Resources */ = {isa = PBXBuildFile; fileRef = 5862763122A90727002BDEB1 /* GGXXYYXieYiVC.xib */; };
		5862765C22A90727002BDEB1 /* GGXXYYWenTiVC.xib in Resources */ = {isa = PBXBuildFile; fileRef = 5862763222A90727002BDEB1 /* GGXXYYWenTiVC.xib */; };
		5862765D22A90727002BDEB1 /* GGXXYYXieYiVC.m in Sources */ = {isa = PBXBuildFile; fileRef = 5862763322A90727002BDEB1 /* GGXXYYXieYiVC.m */; };
		5862765E22A90727002BDEB1 /* GGXXYYWenTiVC.m in Sources */ = {isa = PBXBuildFile; fileRef = 5862763422A90727002BDEB1 /* GGXXYYWenTiVC.m */; };
		5862765F22A90727002BDEB1 /* GGXXYYHomeCell.m in Sources */ = {isa = PBXBuildFile; fileRef = 5862763522A90727002BDEB1 /* GGXXYYHomeCell.m */; };
		5862766022A90727002BDEB1 /* GGXXYYRenZhengVC.xib in Resources */ = {isa = PBXBuildFile; fileRef = 5862763622A90727002BDEB1 /* GGXXYYRenZhengVC.xib */; };
		5862766122A90727002BDEB1 /* GGXXYYLoginVC.xib in Resources */ = {isa = PBXBuildFile; fileRef = 5862763722A90727002BDEB1 /* GGXXYYLoginVC.xib */; };
		5862766222A90727002BDEB1 /* GGXXYYMineVC.m in Sources */ = {isa = PBXBuildFile; fileRef = 5862763822A90727002BDEB1 /* GGXXYYMineVC.m */; };
		5862766322A90727002BDEB1 /* GGXXYYHomeCell.xib in Resources */ = {isa = PBXBuildFile; fileRef = 5862763A22A90727002BDEB1 /* GGXXYYHomeCell.xib */; };
		5862766422A90727002BDEB1 /* GGXXYYNewsCell.xib in Resources */ = {isa = PBXBuildFile; fileRef = 5862763B22A90727002BDEB1 /* GGXXYYNewsCell.xib */; };
		5862766522A90727002BDEB1 /* GGXXYYhelpVC.xib in Resources */ = {isa = PBXBuildFile; fileRef = 5862763D22A90727002BDEB1 /* GGXXYYhelpVC.xib */; };
		5862766622A90727002BDEB1 /* GGXXYYSuanVC.m in Sources */ = {isa = PBXBuildFile; fileRef = 5862763E22A90727002BDEB1 /* GGXXYYSuanVC.m */; };
		5862766A22A90781002BDEB1 /* GGXXYYHomeJiaTVC.m in Sources */ = {isa = PBXBuildFile; fileRef = 5862766922A90781002BDEB1 /* GGXXYYHomeJiaTVC.m */; };
		5862766D22A90984002BDEB1 /* GGXXYYTabBarController.m in Sources */ = {isa = PBXBuildFile; fileRef = 5862766C22A90984002BDEB1 /* GGXXYYTabBarController.m */; };
		5862767022A90A1F002BDEB1 /* TabBarController.m in Sources */ = {isa = PBXBuildFile; fileRef = 5862766E22A90A1D002BDEB1 /* TabBarController.m */; };
		5862767122A90AEC002BDEB1 /* LaunchScreen.storyboard in Resources */ = {isa = PBXBuildFile; fileRef = 58700AB42226712C0022E38D /* LaunchScreen.storyboard */; };
		5862767222A90AEF002BDEB1 /* Main.storyboard in Resources */ = {isa = PBXBuildFile; fileRef = 58700AAF2226712B0022E38D /* Main.storyboard */; };
		58700AAB2226712B0022E38D /* AppDelegate.m in Sources */ = {isa = PBXBuildFile; fileRef = 58700AAA2226712B0022E38D /* AppDelegate.m */; };
		58700AB32226712C0022E38D /* Assets.xcassets in Resources */ = {isa = PBXBuildFile; fileRef = 58700AB22226712C0022E38D /* Assets.xcassets */; };
		58700AB92226712C0022E38D /* main.m in Sources */ = {isa = PBXBuildFile; fileRef = 58700AB82226712C0022E38D /* main.m */; };
		58700AC32226712C0022E38D /* GXYAPPTests.m in Sources */ = {isa = PBXBuildFile; fileRef = 58700AC22226712C0022E38D /* GXYAPPTests.m */; };
		58700ACE2226712C0022E38D /* GXYAPPUITests.m in Sources */ = {isa = PBXBuildFile; fileRef = 58700ACD2226712C0022E38D /* GXYAPPUITests.m */; };
		58700C1822267CF10022E38D /* libsqlite3.0.tbd in Frameworks */ = {isa = PBXBuildFile; fileRef = 58700C1722267CF10022E38D /* libsqlite3.0.tbd */; };
		587949B2222CADA400FA8631 /* UIView+BBB.m in Sources */ = {isa = PBXBuildFile; fileRef = 587949B1222CADA300FA8631 /* UIView+BBB.m */; };
		587949C4222CAE1F00FA8631 /* BaseCollectionReusableView.m in Sources */ = {isa = PBXBuildFile; fileRef = 587949B6222CAE1E00FA8631 /* BaseCollectionReusableView.m */; };
		587949C5222CAE1F00FA8631 /* BaseCollectionViewController.m in Sources */ = {isa = PBXBuildFile; fileRef = 587949B8222CAE1E00FA8631 /* BaseCollectionViewController.m */; };
		587949C6222CAE1F00FA8631 /* BaseNavigationController.m in Sources */ = {isa = PBXBuildFile; fileRef = 587949BA222CAE1E00FA8631 /* BaseNavigationController.m */; };
		587949C7222CAE1F00FA8631 /* BaseTableViewController.m in Sources */ = {isa = PBXBuildFile; fileRef = 587949BC222CAE1E00FA8631 /* BaseTableViewController.m */; };
		587949C8222CAE1F00FA8631 /* BaseTableViewHeaderFooterView.m in Sources */ = {isa = PBXBuildFile; fileRef = 587949BE222CAE1E00FA8631 /* BaseTableViewHeaderFooterView.m */; };
		587949C9222CAE1F00FA8631 /* BaseViewController+PublicMethod.m in Sources */ = {isa = PBXBuildFile; fileRef = 587949C0222CAE1E00FA8631 /* BaseViewController+PublicMethod.m */; };
		587949CA222CAE1F00FA8631 /* BaseViewController.m in Sources */ = {isa = PBXBuildFile; fileRef = 587949C2222CAE1E00FA8631 /* BaseViewController.m */; };
		587949CB222CAE1F00FA8631 /* noneDataBg.png in Resources */ = {isa = PBXBuildFile; fileRef = 587949C3222CAE1E00FA8631 /* noneDataBg.png */; };
		587949E5222CAE3F00FA8631 /* FMDBSingle.m in Sources */ = {isa = PBXBuildFile; fileRef = 587949CE222CAE3F00FA8631 /* FMDBSingle.m */; };
		587949E6222CAE3F00FA8631 /* mx_pic_selected_no@2x.png in Resources */ = {isa = PBXBuildFile; fileRef = 587949D0222CAE3F00FA8631 /* mx_pic_selected_no@2x.png */; };
		587949E7222CAE3F00FA8631 /* mx_pic_selected_yes@2x.png in Resources */ = {isa = PBXBuildFile; fileRef = 587949D1222CAE3F00FA8631 /* mx_pic_selected_yes@2x.png */; };
		587949E8222CAE3F00FA8631 /* mx_picker_back_image@2x.png in Resources */ = {isa = PBXBuildFile; fileRef = 587949D2222CAE3F00FA8631 /* mx_picker_back_image@2x.png */; };
		587949E9222CAE3F00FA8631 /* MXALAsset.m in Sources */ = {isa = PBXBuildFile; fileRef = 587949D4222CAE3F00FA8631 /* MXALAsset.m */; };
		587949EA222CAE3F00FA8631 /* MXImageEditController.m in Sources */ = {isa = PBXBuildFile; fileRef = 587949D6222CAE3F00FA8631 /* MXImageEditController.m */; };
		587949EB222CAE3F00FA8631 /* MXImageGroupController.m in Sources */ = {isa = PBXBuildFile; fileRef = 587949D8222CAE3F00FA8631 /* MXImageGroupController.m */; };
		587949EC222CAE3F00FA8631 /* MXImageListController.m in Sources */ = {isa = PBXBuildFile; fileRef = 587949DA222CAE3F00FA8631 /* MXImageListController.m */; };
		587949ED222CAE3F00FA8631 /* MXImagePreviewCell.m in Sources */ = {isa = PBXBuildFile; fileRef = 587949DC222CAE3F00FA8631 /* MXImagePreviewCell.m */; };
		587949EE222CAE3F00FA8631 /* MXImagePreviewController.m in Sources */ = {isa = PBXBuildFile; fileRef = 587949DE222CAE3F00FA8631 /* MXImagePreviewController.m */; };
		587949EF222CAE3F00FA8631 /* MXPhotoPickerController.m in Sources */ = {isa = PBXBuildFile; fileRef = 587949E0222CAE3F00FA8631 /* MXPhotoPickerController.m */; };
		587949F0222CAE3F00FA8631 /* UIViewController+MXPhotoPicker.m in Sources */ = {isa = PBXBuildFile; fileRef = 587949E2222CAE3F00FA8631 /* UIViewController+MXPhotoPicker.m */; };
		58794A3B222CAEB900FA8631 /* GGG.db in Resources */ = {isa = PBXBuildFile; fileRef = 587949F3222CAEB800FA8631 /* GGG.db */; };
		71E2B42AF178F8EF74A2E686 /* libPods-GXYAPP.a in Frameworks */ = {isa = PBXBuildFile; fileRef = 4B7A7BE0AEFFEBC411929EFC /* libPods-GXYAPP.a */; };
/* End PBXBuildFile section */

/* Begin PBXContainerItemProxy section */
		58700ABF2226712C0022E38D /* PBXContainerItemProxy */ = {
			isa = PBXContainerItemProxy;
			containerPortal = 58700A9E2226712B0022E38D /* Project object */;
			proxyType = 1;
			remoteGlobalIDString = 58700AA52226712B0022E38D;
			remoteInfo = GXYAPP;
		};
		58700ACA2226712C0022E38D /* PBXContainerItemProxy */ = {
			isa = PBXContainerItemProxy;
			containerPortal = 58700A9E2226712B0022E38D /* Project object */;
			proxyType = 1;
			remoteGlobalIDString = 58700AA52226712B0022E38D;
			remoteInfo = GXYAPP;
		};
/* End PBXContainerItemProxy section */

/* Begin PBXFileReference section */
		4B7A7BE0AEFFEBC411929EFC /* libPods-GXYAPP.a */ = {isa = PBXFileReference; explicitFileType = archive.ar; includeInIndex = 0; path = "libPods-GXYAPP.a"; sourceTree = BUILT_PRODUCTS_DIR; };
		581FB7BF22A8D51B0045FB39 /* CoreGraphics.framework */ = {isa = PBXFileReference; lastKnownFileType = wrapper.framework; name = CoreGraphics.framework; path = System/Library/Frameworks/CoreGraphics.framework; sourceTree = SDKROOT; };
		581FB7C122A8D5720045FB39 /* SystemConfiguration.framework */ = {isa = PBXFileReference; lastKnownFileType = wrapper.framework; name = SystemConfiguration.framework; path = System/Library/Frameworks/SystemConfiguration.framework; sourceTree = SDKROOT; };
		581FB7C322A8D57F0045FB39 /* libc++.1.tbd */ = {isa = PBXFileReference; lastKnownFileType = "sourcecode.text-based-dylib-definition"; name = "libc++.1.tbd"; path = "usr/lib/libc++.1.tbd"; sourceTree = SDKROOT; };
		581FB7C522A8D5890045FB39 /* libz.1.1.3.tbd */ = {isa = PBXFileReference; lastKnownFileType = "sourcecode.text-based-dylib-definition"; name = libz.1.1.3.tbd; path = usr/lib/libz.1.1.3.tbd; sourceTree = SDKROOT; };
		581FB7C822A8DF890045FB39 /* libUMessage_Sdk_1.5.0a.a */ = {isa = PBXFileReference; lastKnownFileType = archive.ar; path = libUMessage_Sdk_1.5.0a.a; sourceTree = "<group>"; };
		581FB7C922A8DF890045FB39 /* UMessage.h */ = {isa = PBXFileReference; fileEncoding = 4; lastKnownFileType = sourcecode.c.h; path = UMessage.h; sourceTree = "<group>"; };
		5831C63322A504E50023D1E5 /* GGXXYYHomeVC.m */ = {isa = PBXFileReference; fileEncoding = 4; lastKnownFileType = sourcecode.c.objc; path = GGXXYYHomeVC.m; sourceTree = "<group>"; };
		5831C63522A504E60023D1E5 /* GGXXYYHomeVC.h */ = {isa = PBXFileReference; fileEncoding = 4; lastKnownFileType = sourcecode.c.h; path = GGXXYYHomeVC.h; sourceTree = "<group>"; };
		5831C69122A5057A0023D1E5 /* GGXXYYSignleTool.m */ = {isa = PBXFileReference; fileEncoding = 4; lastKnownFileType = sourcecode.c.objc; path = GGXXYYSignleTool.m; sourceTree = "<group>"; };
		5831C69222A5057A0023D1E5 /* GGXXYYSignleTool.h */ = {isa = PBXFileReference; fileEncoding = 4; lastKnownFileType = sourcecode.c.h; path = GGXXYYSignleTool.h; sourceTree = "<group>"; };
		583332A4229FDE68008DD9CF /* UIView+KKEB.m */ = {isa = PBXFileReference; fileEncoding = 4; lastKnownFileType = sourcecode.c.objc; path = "UIView+KKEB.m"; sourceTree = "<group>"; };
		583332A5229FDE68008DD9CF /* UIView+KKEB.h */ = {isa = PBXFileReference; fileEncoding = 4; lastKnownFileType = sourcecode.c.h; path = "UIView+KKEB.h"; sourceTree = "<group>"; };
		5862759822A8FEC0002BDEB1 /* zkSignleTool.h */ = {isa = PBXFileReference; fileEncoding = 4; lastKnownFileType = sourcecode.c.h; path = zkSignleTool.h; sourceTree = "<group>"; };
		5862759922A8FEC0002BDEB1 /* zkSignleTool.m */ = {isa = PBXFileReference; fileEncoding = 4; lastKnownFileType = sourcecode.c.objc; path = zkSignleTool.m; sourceTree = "<group>"; };
		586275AF22A905E1002BDEB1 /* kkRenZhengVC.h */ = {isa = PBXFileReference; fileEncoding = 4; lastKnownFileType = sourcecode.c.h; path = kkRenZhengVC.h; sourceTree = "<group>"; };
		586275B022A905E2002BDEB1 /* YJAddAddressVC.m */ = {isa = PBXFileReference; fileEncoding = 4; lastKnownFileType = sourcecode.c.objc; path = YJAddAddressVC.m; sourceTree = "<group>"; };
		586275B122A905E2002BDEB1 /* HomeVC.h */ = {isa = PBXFileReference; fileEncoding = 4; lastKnownFileType = sourcecode.c.h; path = HomeVC.h; sourceTree = "<group>"; };
		586275B222A905E2002BDEB1 /* yjMineCell.h */ = {isa = PBXFileReference; fileEncoding = 4; lastKnownFileType = sourcecode.c.h; path = yjMineCell.h; sourceTree = "<group>"; };
		586275B322A905E2002BDEB1 /* MineVC.m */ = {isa = PBXFileReference; fileEncoding = 4; lastKnownFileType = sourcecode.c.objc; path = MineVC.m; sourceTree = "<group>"; };
		586275B422A905E3002BDEB1 /* YJOutVC.h */ = {isa = PBXFileReference; fileEncoding = 4; lastKnownFileType = sourcecode.c.h; path = YJOutVC.h; sourceTree = "<group>"; };
		586275B522A905E3002BDEB1 /* YJWenTiVC.h */ = {isa = PBXFileReference; fileEncoding = 4; lastKnownFileType = sourcecode.c.h; path = YJWenTiVC.h; sourceTree = "<group>"; };
		586275B622A905E3002BDEB1 /* YJhelpVC.h */ = {isa = PBXFileReference; fileEncoding = 4; lastKnownFileType = sourcecode.c.h; path = YJhelpVC.h; sourceTree = "<group>"; };
		586275B722A905E3002BDEB1 /* YJGouWuChe.m */ = {isa = PBXFileReference; fileEncoding = 4; lastKnownFileType = sourcecode.c.objc; path = YJGouWuChe.m; sourceTree = "<group>"; };
		586275B822A905E3002BDEB1 /* kkMyCarCell.xib */ = {isa = PBXFileReference; fileEncoding = 4; lastKnownFileType = file.xib; path = kkMyCarCell.xib; sourceTree = "<group>"; };
		586275B922A905E3002BDEB1 /* YJGoodDetailTVC.m */ = {isa = PBXFileReference; fileEncoding = 4; lastKnownFileType = sourcecode.c.objc; path = YJGoodDetailTVC.m; sourceTree = "<group>"; };
		586275BA22A905E3002BDEB1 /* YJhelpVC.m */ = {isa = PBXFileReference; fileEncoding = 4; lastKnownFileType = sourcecode.c.objc; path = YJhelpVC.m; sourceTree = "<group>"; };
		586275BB22A905E3002BDEB1 /* kkMyCarCell.h */ = {isa = PBXFileReference; fileEncoding = 4; lastKnownFileType = sourcecode.c.h; path = kkMyCarCell.h; sourceTree = "<group>"; };
		586275BC22A905E3002BDEB1 /* kkMyCarCell.m */ = {isa = PBXFileReference; fileEncoding = 4; lastKnownFileType = sourcecode.c.objc; path = kkMyCarCell.m; sourceTree = "<group>"; };
		586275BD22A905E4002BDEB1 /* YJHomeModel.h */ = {isa = PBXFileReference; fileEncoding = 4; lastKnownFileType = sourcecode.c.h; path = YJHomeModel.h; sourceTree = "<group>"; };
		586275BE22A905E4002BDEB1 /* YJhelpVC.xib */ = {isa = PBXFileReference; fileEncoding = 4; lastKnownFileType = file.xib; path = YJhelpVC.xib; sourceTree = "<group>"; };
		586275BF22A905E4002BDEB1 /* YJAddressCell.xib */ = {isa = PBXFileReference; fileEncoding = 4; lastKnownFileType = file.xib; path = YJAddressCell.xib; sourceTree = "<group>"; };
		586275C022A905E4002BDEB1 /* yjMineCell.xib */ = {isa = PBXFileReference; fileEncoding = 4; lastKnownFileType = file.xib; path = yjMineCell.xib; sourceTree = "<group>"; };
		586275C122A905E4002BDEB1 /* YJHomeCell.h */ = {isa = PBXFileReference; fileEncoding = 4; lastKnownFileType = sourcecode.c.h; path = YJHomeCell.h; sourceTree = "<group>"; };
		586275C222A905E4002BDEB1 /* kkRenZhengVC.xib */ = {isa = PBXFileReference; fileEncoding = 4; lastKnownFileType = file.xib; path = kkRenZhengVC.xib; sourceTree = "<group>"; };
		586275C322A905E5002BDEB1 /* YJHomeCell.m */ = {isa = PBXFileReference; fileEncoding = 4; lastKnownFileType = sourcecode.c.objc; path = YJHomeCell.m; sourceTree = "<group>"; };
		586275C422A905E5002BDEB1 /* YJHomeCell.xib */ = {isa = PBXFileReference; fileEncoding = 4; lastKnownFileType = file.xib; path = YJHomeCell.xib; sourceTree = "<group>"; };
		586275C522A905E5002BDEB1 /* YJHomeModel.m */ = {isa = PBXFileReference; fileEncoding = 4; lastKnownFileType = sourcecode.c.objc; path = YJHomeModel.m; sourceTree = "<group>"; };
		586275C622A905E5002BDEB1 /* YJXieYiVC.xib */ = {isa = PBXFileReference; fileEncoding = 4; lastKnownFileType = file.xib; path = YJXieYiVC.xib; sourceTree = "<group>"; };
		586275C722A905E5002BDEB1 /* YJAddAddressVC.h */ = {isa = PBXFileReference; fileEncoding = 4; lastKnownFileType = sourcecode.c.h; path = YJAddAddressVC.h; sourceTree = "<group>"; };
		586275C822A905E5002BDEB1 /* YJAddressCell.h */ = {isa = PBXFileReference; fileEncoding = 4; lastKnownFileType = sourcecode.c.h; path = YJAddressCell.h; sourceTree = "<group>"; };
		586275C922A905E5002BDEB1 /* NewsVC.h */ = {isa = PBXFileReference; fileEncoding = 4; lastKnownFileType = sourcecode.c.h; path = NewsVC.h; sourceTree = "<group>"; };
		586275CA22A905E6002BDEB1 /* YJOutVC.xib */ = {isa = PBXFileReference; fileEncoding = 4; lastKnownFileType = file.xib; path = YJOutVC.xib; sourceTree = "<group>"; };
		586275CB22A905E6002BDEB1 /* kkRenZhengVC.m */ = {isa = PBXFileReference; fileEncoding = 4; lastKnownFileType = sourcecode.c.objc; path = kkRenZhengVC.m; sourceTree = "<group>"; };
		586275CC22A905E6002BDEB1 /* YJXieYiVC.h */ = {isa = PBXFileReference; fileEncoding = 4; lastKnownFileType = sourcecode.c.h; path = YJXieYiVC.h; sourceTree = "<group>"; };
		586275CD22A905E6002BDEB1 /* YJOutVC.m */ = {isa = PBXFileReference; fileEncoding = 4; lastKnownFileType = sourcecode.c.objc; path = YJOutVC.m; sourceTree = "<group>"; };
		586275CE22A905E6002BDEB1 /* NewsVC.m */ = {isa = PBXFileReference; fileEncoding = 4; lastKnownFileType = sourcecode.c.objc; path = NewsVC.m; sourceTree = "<group>"; };
		586275CF22A905E6002BDEB1 /* kkJieSuanVC.h */ = {isa = PBXFileReference; fileEncoding = 4; lastKnownFileType = sourcecode.c.h; path = kkJieSuanVC.h; sourceTree = "<group>"; };
		586275D022A905E7002BDEB1 /* YJWenTiVC.m */ = {isa = PBXFileReference; fileEncoding = 4; lastKnownFileType = sourcecode.c.objc; path = YJWenTiVC.m; sourceTree = "<group>"; };
		586275D122A905E7002BDEB1 /* kkJieSuanVC.xib */ = {isa = PBXFileReference; fileEncoding = 4; lastKnownFileType = file.xib; path = kkJieSuanVC.xib; sourceTree = "<group>"; };
		586275D222A905E7002BDEB1 /* zkLoginVC.h */ = {isa = PBXFileReference; fileEncoding = 4; lastKnownFileType = sourcecode.c.h; path = zkLoginVC.h; sourceTree = "<group>"; };
		586275D322A905E7002BDEB1 /* YJNewsCell.m */ = {isa = PBXFileReference; fileEncoding = 4; lastKnownFileType = sourcecode.c.objc; path = YJNewsCell.m; sourceTree = "<group>"; };
		586275D422A905E7002BDEB1 /* YJWenTiVC.xib */ = {isa = PBXFileReference; fileEncoding = 4; lastKnownFileType = file.xib; path = YJWenTiVC.xib; sourceTree = "<group>"; };
		586275D522A905E7002BDEB1 /* YJAddressCell.m */ = {isa = PBXFileReference; fileEncoding = 4; lastKnownFileType = sourcecode.c.objc; path = YJAddressCell.m; sourceTree = "<group>"; };
		586275D622A905E8002BDEB1 /* kkSearchTVC.h */ = {isa = PBXFileReference; fileEncoding = 4; lastKnownFileType = sourcecode.c.h; path = kkSearchTVC.h; sourceTree = "<group>"; };
		586275D722A905E8002BDEB1 /* YJAddressTVC.h */ = {isa = PBXFileReference; fileEncoding = 4; lastKnownFileType = sourcecode.c.h; path = YJAddressTVC.h; sourceTree = "<group>"; };
		586275D822A905E8002BDEB1 /* zkLoginVC.m */ = {isa = PBXFileReference; fileEncoding = 4; lastKnownFileType = sourcecode.c.objc; path = zkLoginVC.m; sourceTree = "<group>"; };
		586275D922A905E8002BDEB1 /* HomeVC.m */ = {isa = PBXFileReference; fileEncoding = 4; lastKnownFileType = sourcecode.c.objc; path = HomeVC.m; sourceTree = "<group>"; };
		586275DA22A905E8002BDEB1 /* kkSearchTVC.m */ = {isa = PBXFileReference; fileEncoding = 4; lastKnownFileType = sourcecode.c.objc; path = kkSearchTVC.m; sourceTree = "<group>"; };
		586275DB22A905E9002BDEB1 /* YJXieYiVC.m */ = {isa = PBXFileReference; fileEncoding = 4; lastKnownFileType = sourcecode.c.objc; path = YJXieYiVC.m; sourceTree = "<group>"; };
		586275DC22A905E9002BDEB1 /* kkMineGouWuListTVC.m */ = {isa = PBXFileReference; fileEncoding = 4; lastKnownFileType = sourcecode.c.objc; path = kkMineGouWuListTVC.m; sourceTree = "<group>"; };
		586275DD22A905E9002BDEB1 /* YJNewsCell.xib */ = {isa = PBXFileReference; fileEncoding = 4; lastKnownFileType = file.xib; path = YJNewsCell.xib; sourceTree = "<group>"; };
		586275DE22A905E9002BDEB1 /* MineVC.h */ = {isa = PBXFileReference; fileEncoding = 4; lastKnownFileType = sourcecode.c.h; path = MineVC.h; sourceTree = "<group>"; };
		586275DF22A905E9002BDEB1 /* YJAddAddressVC.xib */ = {isa = PBXFileReference; fileEncoding = 4; lastKnownFileType = file.xib; path = YJAddAddressVC.xib; sourceTree = "<group>"; };
		586275E022A905EA002BDEB1 /* zkLoginVC.xib */ = {isa = PBXFileReference; fileEncoding = 4; lastKnownFileType = file.xib; path = zkLoginVC.xib; sourceTree = "<group>"; };
		586275E122A905EA002BDEB1 /* YJGouWuChe.h */ = {isa = PBXFileReference; fileEncoding = 4; lastKnownFileType = sourcecode.c.h; path = YJGouWuChe.h; sourceTree = "<group>"; };
		586275E222A905EA002BDEB1 /* yjMineCell.m */ = {isa = PBXFileReference; fileEncoding = 4; lastKnownFileType = sourcecode.c.objc; path = yjMineCell.m; sourceTree = "<group>"; };
		586275E322A905EA002BDEB1 /* YJNewsCell.h */ = {isa = PBXFileReference; fileEncoding = 4; lastKnownFileType = sourcecode.c.h; path = YJNewsCell.h; sourceTree = "<group>"; };
		586275E422A905EA002BDEB1 /* kkJieSuanVC.m */ = {isa = PBXFileReference; fileEncoding = 4; lastKnownFileType = sourcecode.c.objc; path = kkJieSuanVC.m; sourceTree = "<group>"; };
		586275E522A905EB002BDEB1 /* YJGoodDetailTVC.h */ = {isa = PBXFileReference; fileEncoding = 4; lastKnownFileType = sourcecode.c.h; path = YJGoodDetailTVC.h; sourceTree = "<group>"; };
		586275E622A905EB002BDEB1 /* kkMineGouWuListTVC.h */ = {isa = PBXFileReference; fileEncoding = 4; lastKnownFileType = sourcecode.c.h; path = kkMineGouWuListTVC.h; sourceTree = "<group>"; };
		586275E722A905EB002BDEB1 /* YJAddressTVC.m */ = {isa = PBXFileReference; fileEncoding = 4; lastKnownFileType = sourcecode.c.objc; path = YJAddressTVC.m; sourceTree = "<group>"; };
		5862760C22A90726002BDEB1 /* GGXXYYMyCarCell.h */ = {isa = PBXFileReference; fileEncoding = 4; lastKnownFileType = sourcecode.c.h; path = GGXXYYMyCarCell.h; sourceTree = "<group>"; };
		5862760D22A90726002BDEB1 /* GGXXYYAddressCell.xib */ = {isa = PBXFileReference; fileEncoding = 4; lastKnownFileType = file.xib; path = GGXXYYAddressCell.xib; sourceTree = "<group>"; };
		5862760E22A90726002BDEB1 /* GGXXYYSearchTVC.m */ = {isa = PBXFileReference; fileEncoding = 4; lastKnownFileType = sourcecode.c.objc; path = GGXXYYSearchTVC.m; sourceTree = "<group>"; };
		5862760F22A90726002BDEB1 /* GGXXYYAddressTVC.h */ = {isa = PBXFileReference; fileEncoding = 4; lastKnownFileType = sourcecode.c.h; path = GGXXYYAddressTVC.h; sourceTree = "<group>"; };
		5862761022A90726002BDEB1 /* GGXXYYNewsCell.m */ = {isa = PBXFileReference; fileEncoding = 4; lastKnownFileType = sourcecode.c.objc; path = GGXXYYNewsCell.m; sourceTree = "<group>"; };
		5862761122A90726002BDEB1 /* GGXXYYMineGouWuListTVC.m */ = {isa = PBXFileReference; fileEncoding = 4; lastKnownFileType = sourcecode.c.objc; path = GGXXYYMineGouWuListTVC.m; sourceTree = "<group>"; };
		5862761222A90726002BDEB1 /* GGXXYYNewsVC.h */ = {isa = PBXFileReference; fileEncoding = 4; lastKnownFileType = sourcecode.c.h; path = GGXXYYNewsVC.h; sourceTree = "<group>"; };
		5862761322A90726002BDEB1 /* GGXXYYHomeModel.h */ = {isa = PBXFileReference; fileEncoding = 4; lastKnownFileType = sourcecode.c.h; path = GGXXYYHomeModel.h; sourceTree = "<group>"; };
		5862761422A90726002BDEB1 /* GGXXYYAddressCell.h */ = {isa = PBXFileReference; fileEncoding = 4; lastKnownFileType = sourcecode.c.h; path = GGXXYYAddressCell.h; sourceTree = "<group>"; };
		5862761522A90726002BDEB1 /* GGXXYYhelpVC.m */ = {isa = PBXFileReference; fileEncoding = 4; lastKnownFileType = sourcecode.c.objc; path = GGXXYYhelpVC.m; sourceTree = "<group>"; };
		5862761622A90726002BDEB1 /* GGXXYYHomeCell.h */ = {isa = PBXFileReference; fileEncoding = 4; lastKnownFileType = sourcecode.c.h; path = GGXXYYHomeCell.h; sourceTree = "<group>"; };
		5862761722A90726002BDEB1 /* GGXXYYWenTiVC.h */ = {isa = PBXFileReference; fileEncoding = 4; lastKnownFileType = sourcecode.c.h; path = GGXXYYWenTiVC.h; sourceTree = "<group>"; };
		5862761822A90726002BDEB1 /* GGXXYYSuanVC.xib */ = {isa = PBXFileReference; fileEncoding = 4; lastKnownFileType = file.xib; path = GGXXYYSuanVC.xib; sourceTree = "<group>"; };
		5862761922A90726002BDEB1 /* GGXXYYXieYiVC.h */ = {isa = PBXFileReference; fileEncoding = 4; lastKnownFileType = sourcecode.c.h; path = GGXXYYXieYiVC.h; sourceTree = "<group>"; };
		5862761A22A90726002BDEB1 /* GGXXYYOutVC.xib */ = {isa = PBXFileReference; fileEncoding = 4; lastKnownFileType = file.xib; path = GGXXYYOutVC.xib; sourceTree = "<group>"; };
		5862761B22A90726002BDEB1 /* GGXXYYSuanVC.h */ = {isa = PBXFileReference; fileEncoding = 4; lastKnownFileType = sourcecode.c.h; path = GGXXYYSuanVC.h; sourceTree = "<group>"; };
		5862761C22A90726002BDEB1 /* GGXXYYAddAddressVC.m */ = {isa = PBXFileReference; fileEncoding = 4; lastKnownFileType = sourcecode.c.objc; path = GGXXYYAddAddressVC.m; sourceTree = "<group>"; };
		5862761D22A90726002BDEB1 /* GGXXYYAddAddressVC.xib */ = {isa = PBXFileReference; fileEncoding = 4; lastKnownFileType = file.xib; path = GGXXYYAddAddressVC.xib; sourceTree = "<group>"; };
		5862761E22A90727002BDEB1 /* GGXXYYLoginVC.m */ = {isa = PBXFileReference; fileEncoding = 4; lastKnownFileType = sourcecode.c.objc; path = GGXXYYLoginVC.m; sourceTree = "<group>"; };
		5862761F22A90727002BDEB1 /* GGXXYYMineVC.h */ = {isa = PBXFileReference; fileEncoding = 4; lastKnownFileType = sourcecode.c.h; path = GGXXYYMineVC.h; sourceTree = "<group>"; };
		5862762022A90727002BDEB1 /* GGXXYYMineCell.xib */ = {isa = PBXFileReference; fileEncoding = 4; lastKnownFileType = file.xib; path = GGXXYYMineCell.xib; sourceTree = "<group>"; };
		5862762122A90727002BDEB1 /* GGXXYYGouWuChe.m */ = {isa = PBXFileReference; fileEncoding = 4; lastKnownFileType = sourcecode.c.objc; path = GGXXYYGouWuChe.m; sourceTree = "<group>"; };
		5862762222A90727002BDEB1 /* GGXXYYOutVC.m */ = {isa = PBXFileReference; fileEncoding = 4; lastKnownFileType = sourcecode.c.objc; path = GGXXYYOutVC.m; sourceTree = "<group>"; };
		5862762322A90727002BDEB1 /* GGXXYYGoodDetailTVC.m */ = {isa = PBXFileReference; fileEncoding = 4; lastKnownFileType = sourcecode.c.objc; path = GGXXYYGoodDetailTVC.m; sourceTree = "<group>"; };
		5862762422A90727002BDEB1 /* GGXXYYMineCell.m */ = {isa = PBXFileReference; fileEncoding = 4; lastKnownFileType = sourcecode.c.objc; path = GGXXYYMineCell.m; sourceTree = "<group>"; };
		5862762522A90727002BDEB1 /* GGXXYYRenZhengVC.m */ = {isa = PBXFileReference; fileEncoding = 4; lastKnownFileType = sourcecode.c.objc; path = GGXXYYRenZhengVC.m; sourceTree = "<group>"; };
		5862762722A90727002BDEB1 /* GGXXYYhelpVC.h */ = {isa = PBXFileReference; fileEncoding = 4; lastKnownFileType = sourcecode.c.h; path = GGXXYYhelpVC.h; sourceTree = "<group>"; };
		5862762822A90727002BDEB1 /* GGXXYYAddressCell.m */ = {isa = PBXFileReference; fileEncoding = 4; lastKnownFileType = sourcecode.c.objc; path = GGXXYYAddressCell.m; sourceTree = "<group>"; };
		5862762922A90727002BDEB1 /* GGXXYYHomeModel.m */ = {isa = PBXFileReference; fileEncoding = 4; lastKnownFileType = sourcecode.c.objc; path = GGXXYYHomeModel.m; sourceTree = "<group>"; };
		5862762A22A90727002BDEB1 /* GGXXYYNewsVC.m */ = {isa = PBXFileReference; fileEncoding = 4; lastKnownFileType = sourcecode.c.objc; path = GGXXYYNewsVC.m; sourceTree = "<group>"; };
		5862762B22A90727002BDEB1 /* GGXXYYMineGouWuListTVC.h */ = {isa = PBXFileReference; fileEncoding = 4; lastKnownFileType = sourcecode.c.h; path = GGXXYYMineGouWuListTVC.h; sourceTree = "<group>"; };
		5862762C22A90727002BDEB1 /* GGXXYYNewsCell.h */ = {isa = PBXFileReference; fileEncoding = 4; lastKnownFileType = sourcecode.c.h; path = GGXXYYNewsCell.h; sourceTree = "<group>"; };
		5862762D22A90727002BDEB1 /* GGXXYYMyCarCell.xib */ = {isa = PBXFileReference; fileEncoding = 4; lastKnownFileType = file.xib; path = GGXXYYMyCarCell.xib; sourceTree = "<group>"; };
		5862762E22A90727002BDEB1 /* GGXXYYSearchTVC.h */ = {isa = PBXFileReference; fileEncoding = 4; lastKnownFileType = sourcecode.c.h; path = GGXXYYSearchTVC.h; sourceTree = "<group>"; };
		5862762F22A90727002BDEB1 /* GGXXYYAddressTVC.m */ = {isa = PBXFileReference; fileEncoding = 4; lastKnownFileType = sourcecode.c.objc; path = GGXXYYAddressTVC.m; sourceTree = "<group>"; };
		5862763022A90727002BDEB1 /* GGXXYYMyCarCell.m */ = {isa = PBXFileReference; fileEncoding = 4; lastKnownFileType = sourcecode.c.objc; path = GGXXYYMyCarCell.m; sourceTree = "<group>"; };
		5862763122A90727002BDEB1 /* GGXXYYXieYiVC.xib */ = {isa = PBXFileReference; fileEncoding = 4; lastKnownFileType = file.xib; path = GGXXYYXieYiVC.xib; sourceTree = "<group>"; };
		5862763222A90727002BDEB1 /* GGXXYYWenTiVC.xib */ = {isa = PBXFileReference; fileEncoding = 4; lastKnownFileType = file.xib; path = GGXXYYWenTiVC.xib; sourceTree = "<group>"; };
		5862763322A90727002BDEB1 /* GGXXYYXieYiVC.m */ = {isa = PBXFileReference; fileEncoding = 4; lastKnownFileType = sourcecode.c.objc; path = GGXXYYXieYiVC.m; sourceTree = "<group>"; };
		5862763422A90727002BDEB1 /* GGXXYYWenTiVC.m */ = {isa = PBXFileReference; fileEncoding = 4; lastKnownFileType = sourcecode.c.objc; path = GGXXYYWenTiVC.m; sourceTree = "<group>"; };
		5862763522A90727002BDEB1 /* GGXXYYHomeCell.m */ = {isa = PBXFileReference; fileEncoding = 4; lastKnownFileType = sourcecode.c.objc; path = GGXXYYHomeCell.m; sourceTree = "<group>"; };
		5862763622A90727002BDEB1 /* GGXXYYRenZhengVC.xib */ = {isa = PBXFileReference; fileEncoding = 4; lastKnownFileType = file.xib; path = GGXXYYRenZhengVC.xib; sourceTree = "<group>"; };
		5862763722A90727002BDEB1 /* GGXXYYLoginVC.xib */ = {isa = PBXFileReference; fileEncoding = 4; lastKnownFileType = file.xib; path = GGXXYYLoginVC.xib; sourceTree = "<group>"; };
		5862763822A90727002BDEB1 /* GGXXYYMineVC.m */ = {isa = PBXFileReference; fileEncoding = 4; lastKnownFileType = sourcecode.c.objc; path = GGXXYYMineVC.m; sourceTree = "<group>"; };
		5862763922A90727002BDEB1 /* GGXXYYLoginVC.h */ = {isa = PBXFileReference; fileEncoding = 4; lastKnownFileType = sourcecode.c.h; path = GGXXYYLoginVC.h; sourceTree = "<group>"; };
		5862763A22A90727002BDEB1 /* GGXXYYHomeCell.xib */ = {isa = PBXFileReference; fileEncoding = 4; lastKnownFileType = file.xib; path = GGXXYYHomeCell.xib; sourceTree = "<group>"; };
		5862763B22A90727002BDEB1 /* GGXXYYNewsCell.xib */ = {isa = PBXFileReference; fileEncoding = 4; lastKnownFileType = file.xib; path = GGXXYYNewsCell.xib; sourceTree = "<group>"; };
		5862763C22A90727002BDEB1 /* GGXXYYAddAddressVC.h */ = {isa = PBXFileReference; fileEncoding = 4; lastKnownFileType = sourcecode.c.h; path = GGXXYYAddAddressVC.h; sourceTree = "<group>"; };
		5862763D22A90727002BDEB1 /* GGXXYYhelpVC.xib */ = {isa = PBXFileReference; fileEncoding = 4; lastKnownFileType = file.xib; path = GGXXYYhelpVC.xib; sourceTree = "<group>"; };
		5862763E22A90727002BDEB1 /* GGXXYYSuanVC.m */ = {isa = PBXFileReference; fileEncoding = 4; lastKnownFileType = sourcecode.c.objc; path = GGXXYYSuanVC.m; sourceTree = "<group>"; };
		5862764022A90727002BDEB1 /* GGXXYYRenZhengVC.h */ = {isa = PBXFileReference; fileEncoding = 4; lastKnownFileType = sourcecode.c.h; path = GGXXYYRenZhengVC.h; sourceTree = "<group>"; };
		5862764122A90727002BDEB1 /* GGXXYYMineCell.h */ = {isa = PBXFileReference; fileEncoding = 4; lastKnownFileType = sourcecode.c.h; path = GGXXYYMineCell.h; sourceTree = "<group>"; };
		5862764222A90727002BDEB1 /* GGXXYYGoodDetailTVC.h */ = {isa = PBXFileReference; fileEncoding = 4; lastKnownFileType = sourcecode.c.h; path = GGXXYYGoodDetailTVC.h; sourceTree = "<group>"; };
		5862764322A90727002BDEB1 /* GGXXYYOutVC.h */ = {isa = PBXFileReference; fileEncoding = 4; lastKnownFileType = sourcecode.c.h; path = GGXXYYOutVC.h; sourceTree = "<group>"; };
		5862764422A90727002BDEB1 /* GGXXYYGouWuChe.h */ = {isa = PBXFileReference; fileEncoding = 4; lastKnownFileType = sourcecode.c.h; path = GGXXYYGouWuChe.h; sourceTree = "<group>"; };
		5862766822A90781002BDEB1 /* GGXXYYHomeJiaTVC.h */ = {isa = PBXFileReference; lastKnownFileType = sourcecode.c.h; path = GGXXYYHomeJiaTVC.h; sourceTree = "<group>"; };
		5862766922A90781002BDEB1 /* GGXXYYHomeJiaTVC.m */ = {isa = PBXFileReference; lastKnownFileType = sourcecode.c.objc; path = GGXXYYHomeJiaTVC.m; sourceTree = "<group>"; };
		5862766B22A90984002BDEB1 /* GGXXYYTabBarController.h */ = {isa = PBXFileReference; lastKnownFileType = sourcecode.c.h; path = GGXXYYTabBarController.h; sourceTree = "<group>"; };
		5862766C22A90984002BDEB1 /* GGXXYYTabBarController.m */ = {isa = PBXFileReference; lastKnownFileType = sourcecode.c.objc; path = GGXXYYTabBarController.m; sourceTree = "<group>"; };
		5862766E22A90A1D002BDEB1 /* TabBarController.m */ = {isa = PBXFileReference; fileEncoding = 4; lastKnownFileType = sourcecode.c.objc; path = TabBarController.m; sourceTree = "<group>"; };
		5862766F22A90A1E002BDEB1 /* TabBarController.h */ = {isa = PBXFileReference; fileEncoding = 4; lastKnownFileType = sourcecode.c.h; path = TabBarController.h; sourceTree = "<group>"; };
		58700AA62226712B0022E38D /* GXYAPP.app */ = {isa = PBXFileReference; explicitFileType = wrapper.application; includeInIndex = 0; path = GXYAPP.app; sourceTree = BUILT_PRODUCTS_DIR; };
		58700AA92226712B0022E38D /* AppDelegate.h */ = {isa = PBXFileReference; lastKnownFileType = sourcecode.c.h; path = AppDelegate.h; sourceTree = "<group>"; };
		58700AAA2226712B0022E38D /* AppDelegate.m */ = {isa = PBXFileReference; lastKnownFileType = sourcecode.c.objc; path = AppDelegate.m; sourceTree = "<group>"; };
		58700AB02226712B0022E38D /* Base */ = {isa = PBXFileReference; lastKnownFileType = file.storyboard; name = Base; path = Base.lproj/Main.storyboard; sourceTree = "<group>"; };
		58700AB22226712C0022E38D /* Assets.xcassets */ = {isa = PBXFileReference; lastKnownFileType = folder.assetcatalog; path = Assets.xcassets; sourceTree = "<group>"; };
		58700AB52226712C0022E38D /* Base */ = {isa = PBXFileReference; lastKnownFileType = file.storyboard; name = Base; path = Base.lproj/LaunchScreen.storyboard; sourceTree = "<group>"; };
		58700AB72226712C0022E38D /* Info.plist */ = {isa = PBXFileReference; lastKnownFileType = text.plist.xml; path = Info.plist; sourceTree = "<group>"; };
		58700AB82226712C0022E38D /* main.m */ = {isa = PBXFileReference; lastKnownFileType = sourcecode.c.objc; path = main.m; sourceTree = "<group>"; };
		58700ABE2226712C0022E38D /* GXYAPPTests.xctest */ = {isa = PBXFileReference; explicitFileType = wrapper.cfbundle; includeInIndex = 0; path = GXYAPPTests.xctest; sourceTree = BUILT_PRODUCTS_DIR; };
		58700AC22226712C0022E38D /* GXYAPPTests.m */ = {isa = PBXFileReference; lastKnownFileType = sourcecode.c.objc; path = GXYAPPTests.m; sourceTree = "<group>"; };
		58700AC42226712C0022E38D /* Info.plist */ = {isa = PBXFileReference; lastKnownFileType = text.plist.xml; path = Info.plist; sourceTree = "<group>"; };
		58700AC92226712C0022E38D /* GXYAPPUITests.xctest */ = {isa = PBXFileReference; explicitFileType = wrapper.cfbundle; includeInIndex = 0; path = GXYAPPUITests.xctest; sourceTree = BUILT_PRODUCTS_DIR; };
		58700ACD2226712C0022E38D /* GXYAPPUITests.m */ = {isa = PBXFileReference; lastKnownFileType = sourcecode.c.objc; path = GXYAPPUITests.m; sourceTree = "<group>"; };
		58700ACF2226712C0022E38D /* Info.plist */ = {isa = PBXFileReference; lastKnownFileType = text.plist.xml; path = Info.plist; sourceTree = "<group>"; };
		58700C1722267CF10022E38D /* libsqlite3.0.tbd */ = {isa = PBXFileReference; lastKnownFileType = "sourcecode.text-based-dylib-definition"; name = libsqlite3.0.tbd; path = usr/lib/libsqlite3.0.tbd; sourceTree = SDKROOT; };
		587949B0222CADA200FA8631 /* UIView+BBB.h */ = {isa = PBXFileReference; fileEncoding = 4; lastKnownFileType = sourcecode.c.h; path = "UIView+BBB.h"; sourceTree = "<group>"; };
		587949B1222CADA300FA8631 /* UIView+BBB.m */ = {isa = PBXFileReference; fileEncoding = 4; lastKnownFileType = sourcecode.c.objc; path = "UIView+BBB.m"; sourceTree = "<group>"; };
		587949B3222CADE300FA8631 /* Header.pch */ = {isa = PBXFileReference; fileEncoding = 4; lastKnownFileType = sourcecode.c.h; path = Header.pch; sourceTree = "<group>"; };
		587949B5222CAE1E00FA8631 /* BaseCollectionReusableView.h */ = {isa = PBXFileReference; fileEncoding = 4; lastKnownFileType = sourcecode.c.h; path = BaseCollectionReusableView.h; sourceTree = "<group>"; };
		587949B6222CAE1E00FA8631 /* BaseCollectionReusableView.m */ = {isa = PBXFileReference; fileEncoding = 4; lastKnownFileType = sourcecode.c.objc; path = BaseCollectionReusableView.m; sourceTree = "<group>"; };
		587949B7222CAE1E00FA8631 /* BaseCollectionViewController.h */ = {isa = PBXFileReference; fileEncoding = 4; lastKnownFileType = sourcecode.c.h; path = BaseCollectionViewController.h; sourceTree = "<group>"; };
		587949B8222CAE1E00FA8631 /* BaseCollectionViewController.m */ = {isa = PBXFileReference; fileEncoding = 4; lastKnownFileType = sourcecode.c.objc; path = BaseCollectionViewController.m; sourceTree = "<group>"; };
		587949B9222CAE1E00FA8631 /* BaseNavigationController.h */ = {isa = PBXFileReference; fileEncoding = 4; lastKnownFileType = sourcecode.c.h; path = BaseNavigationController.h; sourceTree = "<group>"; };
		587949BA222CAE1E00FA8631 /* BaseNavigationController.m */ = {isa = PBXFileReference; fileEncoding = 4; lastKnownFileType = sourcecode.c.objc; path = BaseNavigationController.m; sourceTree = "<group>"; };
		587949BB222CAE1E00FA8631 /* BaseTableViewController.h */ = {isa = PBXFileReference; fileEncoding = 4; lastKnownFileType = sourcecode.c.h; path = BaseTableViewController.h; sourceTree = "<group>"; };
		587949BC222CAE1E00FA8631 /* BaseTableViewController.m */ = {isa = PBXFileReference; fileEncoding = 4; lastKnownFileType = sourcecode.c.objc; path = BaseTableViewController.m; sourceTree = "<group>"; };
		587949BD222CAE1E00FA8631 /* BaseTableViewHeaderFooterView.h */ = {isa = PBXFileReference; fileEncoding = 4; lastKnownFileType = sourcecode.c.h; path = BaseTableViewHeaderFooterView.h; sourceTree = "<group>"; };
		587949BE222CAE1E00FA8631 /* BaseTableViewHeaderFooterView.m */ = {isa = PBXFileReference; fileEncoding = 4; lastKnownFileType = sourcecode.c.objc; path = BaseTableViewHeaderFooterView.m; sourceTree = "<group>"; };
		587949BF222CAE1E00FA8631 /* BaseViewController+PublicMethod.h */ = {isa = PBXFileReference; fileEncoding = 4; lastKnownFileType = sourcecode.c.h; path = "BaseViewController+PublicMethod.h"; sourceTree = "<group>"; };
		587949C0222CAE1E00FA8631 /* BaseViewController+PublicMethod.m */ = {isa = PBXFileReference; fileEncoding = 4; lastKnownFileType = sourcecode.c.objc; path = "BaseViewController+PublicMethod.m"; sourceTree = "<group>"; };
		587949C1222CAE1E00FA8631 /* BaseViewController.h */ = {isa = PBXFileReference; fileEncoding = 4; lastKnownFileType = sourcecode.c.h; path = BaseViewController.h; sourceTree = "<group>"; };
		587949C2222CAE1E00FA8631 /* BaseViewController.m */ = {isa = PBXFileReference; fileEncoding = 4; lastKnownFileType = sourcecode.c.objc; path = BaseViewController.m; sourceTree = "<group>"; };
		587949C3222CAE1E00FA8631 /* noneDataBg.png */ = {isa = PBXFileReference; lastKnownFileType = image.png; path = noneDataBg.png; sourceTree = "<group>"; };
		587949CD222CAE3F00FA8631 /* FMDBSingle.h */ = {isa = PBXFileReference; fileEncoding = 4; lastKnownFileType = sourcecode.c.h; path = FMDBSingle.h; sourceTree = "<group>"; };
		587949CE222CAE3F00FA8631 /* FMDBSingle.m */ = {isa = PBXFileReference; fileEncoding = 4; lastKnownFileType = sourcecode.c.objc; path = FMDBSingle.m; sourceTree = "<group>"; };
		587949D0222CAE3F00FA8631 /* mx_pic_selected_no@2x.png */ = {isa = PBXFileReference; lastKnownFileType = image.png; path = "mx_pic_selected_no@2x.png"; sourceTree = "<group>"; };
		587949D1222CAE3F00FA8631 /* mx_pic_selected_yes@2x.png */ = {isa = PBXFileReference; lastKnownFileType = image.png; path = "mx_pic_selected_yes@2x.png"; sourceTree = "<group>"; };
		587949D2222CAE3F00FA8631 /* mx_picker_back_image@2x.png */ = {isa = PBXFileReference; lastKnownFileType = image.png; path = "mx_picker_back_image@2x.png"; sourceTree = "<group>"; };
		587949D3222CAE3F00FA8631 /* MXALAsset.h */ = {isa = PBXFileReference; fileEncoding = 4; lastKnownFileType = sourcecode.c.h; path = MXALAsset.h; sourceTree = "<group>"; };
		587949D4222CAE3F00FA8631 /* MXALAsset.m */ = {isa = PBXFileReference; fileEncoding = 4; lastKnownFileType = sourcecode.c.objc; path = MXALAsset.m; sourceTree = "<group>"; };
		587949D5222CAE3F00FA8631 /* MXImageEditController.h */ = {isa = PBXFileReference; fileEncoding = 4; lastKnownFileType = sourcecode.c.h; path = MXImageEditController.h; sourceTree = "<group>"; };
		587949D6222CAE3F00FA8631 /* MXImageEditController.m */ = {isa = PBXFileReference; fileEncoding = 4; lastKnownFileType = sourcecode.c.objc; path = MXImageEditController.m; sourceTree = "<group>"; };
		587949D7222CAE3F00FA8631 /* MXImageGroupController.h */ = {isa = PBXFileReference; fileEncoding = 4; lastKnownFileType = sourcecode.c.h; path = MXImageGroupController.h; sourceTree = "<group>"; };
		587949D8222CAE3F00FA8631 /* MXImageGroupController.m */ = {isa = PBXFileReference; fileEncoding = 4; lastKnownFileType = sourcecode.c.objc; path = MXImageGroupController.m; sourceTree = "<group>"; };
		587949D9222CAE3F00FA8631 /* MXImageListController.h */ = {isa = PBXFileReference; fileEncoding = 4; lastKnownFileType = sourcecode.c.h; path = MXImageListController.h; sourceTree = "<group>"; };
		587949DA222CAE3F00FA8631 /* MXImageListController.m */ = {isa = PBXFileReference; fileEncoding = 4; lastKnownFileType = sourcecode.c.objc; path = MXImageListController.m; sourceTree = "<group>"; };
		587949DB222CAE3F00FA8631 /* MXImagePreviewCell.h */ = {isa = PBXFileReference; fileEncoding = 4; lastKnownFileType = sourcecode.c.h; path = MXImagePreviewCell.h; sourceTree = "<group>"; };
		587949DC222CAE3F00FA8631 /* MXImagePreviewCell.m */ = {isa = PBXFileReference; fileEncoding = 4; lastKnownFileType = sourcecode.c.objc; path = MXImagePreviewCell.m; sourceTree = "<group>"; };
		587949DD222CAE3F00FA8631 /* MXImagePreviewController.h */ = {isa = PBXFileReference; fileEncoding = 4; lastKnownFileType = sourcecode.c.h; path = MXImagePreviewController.h; sourceTree = "<group>"; };
		587949DE222CAE3F00FA8631 /* MXImagePreviewController.m */ = {isa = PBXFileReference; fileEncoding = 4; lastKnownFileType = sourcecode.c.objc; path = MXImagePreviewController.m; sourceTree = "<group>"; };
		587949DF222CAE3F00FA8631 /* MXPhotoPickerController.h */ = {isa = PBXFileReference; fileEncoding = 4; lastKnownFileType = sourcecode.c.h; path = MXPhotoPickerController.h; sourceTree = "<group>"; };
		587949E0222CAE3F00FA8631 /* MXPhotoPickerController.m */ = {isa = PBXFileReference; fileEncoding = 4; lastKnownFileType = sourcecode.c.objc; path = MXPhotoPickerController.m; sourceTree = "<group>"; };
		587949E1222CAE3F00FA8631 /* UIViewController+MXPhotoPicker.h */ = {isa = PBXFileReference; fileEncoding = 4; lastKnownFileType = sourcecode.c.h; path = "UIViewController+MXPhotoPicker.h"; sourceTree = "<group>"; };
		587949E2222CAE3F00FA8631 /* UIViewController+MXPhotoPicker.m */ = {isa = PBXFileReference; fileEncoding = 4; lastKnownFileType = sourcecode.c.objc; path = "UIViewController+MXPhotoPicker.m"; sourceTree = "<group>"; };
		587949F3222CAEB800FA8631 /* GGG.db */ = {isa = PBXFileReference; lastKnownFileType = file; path = GGG.db; sourceTree = "<group>"; };
		EA5B1EDA37015E4CEF03169A /* Pods-GXYAPP.debug.xcconfig */ = {isa = PBXFileReference; includeInIndex = 1; lastKnownFileType = text.xcconfig; name = "Pods-GXYAPP.debug.xcconfig"; path = "Pods/Target Support Files/Pods-GXYAPP/Pods-GXYAPP.debug.xcconfig"; sourceTree = "<group>"; };
		FFD61ED9E98CCDE407DA9ACB /* Pods-GXYAPP.release.xcconfig */ = {isa = PBXFileReference; includeInIndex = 1; lastKnownFileType = text.xcconfig; name = "Pods-GXYAPP.release.xcconfig"; path = "Pods/Target Support Files/Pods-GXYAPP/Pods-GXYAPP.release.xcconfig"; sourceTree = "<group>"; };
/* End PBXFileReference section */

/* Begin PBXFrameworksBuildPhase section */
		58700AA32226712B0022E38D /* Frameworks */ = {
			isa = PBXFrameworksBuildPhase;
			buildActionMask = 2147483647;
			files = (
				581FB7C622A8D5890045FB39 /* libz.1.1.3.tbd in Frameworks */,
				581FB7C422A8D57F0045FB39 /* libc++.1.tbd in Frameworks */,
				581FB7CA22A8DF890045FB39 /* libUMessage_Sdk_1.5.0a.a in Frameworks */,
				581FB7C222A8D5730045FB39 /* SystemConfiguration.framework in Frameworks */,
				581FB7C022A8D51B0045FB39 /* CoreGraphics.framework in Frameworks */,
				58700C1822267CF10022E38D /* libsqlite3.0.tbd in Frameworks */,
				71E2B42AF178F8EF74A2E686 /* libPods-GXYAPP.a in Frameworks */,
			);
			runOnlyForDeploymentPostprocessing = 0;
		};
		58700ABB2226712C0022E38D /* Frameworks */ = {
			isa = PBXFrameworksBuildPhase;
			buildActionMask = 2147483647;
			files = (
			);
			runOnlyForDeploymentPostprocessing = 0;
		};
		58700AC62226712C0022E38D /* Frameworks */ = {
			isa = PBXFrameworksBuildPhase;
			buildActionMask = 2147483647;
			files = (
			);
			runOnlyForDeploymentPostprocessing = 0;
		};
/* End PBXFrameworksBuildPhase section */

/* Begin PBXGroup section */
		581FB7C722A8DF890045FB39 /* UMessage_Sdk_1.3.0 */ = {
			isa = PBXGroup;
			children = (
				581FB7C822A8DF890045FB39 /* libUMessage_Sdk_1.5.0a.a */,
				581FB7C922A8DF890045FB39 /* UMessage.h */,
			);
			path = UMessage_Sdk_1.3.0;
			sourceTree = "<group>";
		};
		5862753822A8FD72002BDEB1 /* JZKJ */ = {
			isa = PBXGroup;
			children = (
				586275B122A905E2002BDEB1 /* HomeVC.h */,
				586275D922A905E8002BDEB1 /* HomeVC.m */,
				586275CF22A905E6002BDEB1 /* kkJieSuanVC.h */,
				586275E422A905EA002BDEB1 /* kkJieSuanVC.m */,
				586275D122A905E7002BDEB1 /* kkJieSuanVC.xib */,
				586275E622A905EB002BDEB1 /* kkMineGouWuListTVC.h */,
				586275DC22A905E9002BDEB1 /* kkMineGouWuListTVC.m */,
				586275BB22A905E3002BDEB1 /* kkMyCarCell.h */,
				586275BC22A905E3002BDEB1 /* kkMyCarCell.m */,
				586275B822A905E3002BDEB1 /* kkMyCarCell.xib */,
				586275AF22A905E1002BDEB1 /* kkRenZhengVC.h */,
				586275CB22A905E6002BDEB1 /* kkRenZhengVC.m */,
				586275C222A905E4002BDEB1 /* kkRenZhengVC.xib */,
				586275D622A905E8002BDEB1 /* kkSearchTVC.h */,
				586275DA22A905E8002BDEB1 /* kkSearchTVC.m */,
				586275DE22A905E9002BDEB1 /* MineVC.h */,
				586275B322A905E2002BDEB1 /* MineVC.m */,
				586275C922A905E5002BDEB1 /* NewsVC.h */,
				586275CE22A905E6002BDEB1 /* NewsVC.m */,
				586275C722A905E5002BDEB1 /* YJAddAddressVC.h */,
				586275B022A905E2002BDEB1 /* YJAddAddressVC.m */,
				586275DF22A905E9002BDEB1 /* YJAddAddressVC.xib */,
				586275C822A905E5002BDEB1 /* YJAddressCell.h */,
				586275D522A905E7002BDEB1 /* YJAddressCell.m */,
				586275BF22A905E4002BDEB1 /* YJAddressCell.xib */,
				586275D722A905E8002BDEB1 /* YJAddressTVC.h */,
				586275E722A905EB002BDEB1 /* YJAddressTVC.m */,
				586275E522A905EB002BDEB1 /* YJGoodDetailTVC.h */,
				586275B922A905E3002BDEB1 /* YJGoodDetailTVC.m */,
				586275E122A905EA002BDEB1 /* YJGouWuChe.h */,
				586275B722A905E3002BDEB1 /* YJGouWuChe.m */,
				586275B622A905E3002BDEB1 /* YJhelpVC.h */,
				586275BA22A905E3002BDEB1 /* YJhelpVC.m */,
				586275BE22A905E4002BDEB1 /* YJhelpVC.xib */,
				586275C122A905E4002BDEB1 /* YJHomeCell.h */,
				586275C322A905E5002BDEB1 /* YJHomeCell.m */,
				586275C422A905E5002BDEB1 /* YJHomeCell.xib */,
				586275BD22A905E4002BDEB1 /* YJHomeModel.h */,
				586275C522A905E5002BDEB1 /* YJHomeModel.m */,
				586275B222A905E2002BDEB1 /* yjMineCell.h */,
				586275E222A905EA002BDEB1 /* yjMineCell.m */,
				586275C022A905E4002BDEB1 /* yjMineCell.xib */,
				586275E322A905EA002BDEB1 /* YJNewsCell.h */,
				586275D322A905E7002BDEB1 /* YJNewsCell.m */,
				586275DD22A905E9002BDEB1 /* YJNewsCell.xib */,
				586275B422A905E3002BDEB1 /* YJOutVC.h */,
				586275CD22A905E6002BDEB1 /* YJOutVC.m */,
				586275CA22A905E6002BDEB1 /* YJOutVC.xib */,
				586275B522A905E3002BDEB1 /* YJWenTiVC.h */,
				586275D022A905E7002BDEB1 /* YJWenTiVC.m */,
				586275D422A905E7002BDEB1 /* YJWenTiVC.xib */,
				586275CC22A905E6002BDEB1 /* YJXieYiVC.h */,
				586275DB22A905E9002BDEB1 /* YJXieYiVC.m */,
				586275C622A905E5002BDEB1 /* YJXieYiVC.xib */,
				586275D222A905E7002BDEB1 /* zkLoginVC.h */,
				586275D822A905E8002BDEB1 /* zkLoginVC.m */,
				586275E022A905EA002BDEB1 /* zkLoginVC.xib */,
			);
			path = JZKJ;
			sourceTree = "<group>";
		};
		5862760B22A90726002BDEB1 /* SHUIGUO */ = {
			isa = PBXGroup;
			children = (
				5862766822A90781002BDEB1 /* GGXXYYHomeJiaTVC.h */,
				5862766922A90781002BDEB1 /* GGXXYYHomeJiaTVC.m */,
				5862760C22A90726002BDEB1 /* GGXXYYMyCarCell.h */,
				5862760D22A90726002BDEB1 /* GGXXYYAddressCell.xib */,
				5862760E22A90726002BDEB1 /* GGXXYYSearchTVC.m */,
				5862760F22A90726002BDEB1 /* GGXXYYAddressTVC.h */,
				5862761022A90726002BDEB1 /* GGXXYYNewsCell.m */,
				5862761122A90726002BDEB1 /* GGXXYYMineGouWuListTVC.m */,
				5862761222A90726002BDEB1 /* GGXXYYNewsVC.h */,
				5862761322A90726002BDEB1 /* GGXXYYHomeModel.h */,
				5862761422A90726002BDEB1 /* GGXXYYAddressCell.h */,
				5862761522A90726002BDEB1 /* GGXXYYhelpVC.m */,
				5862761622A90726002BDEB1 /* GGXXYYHomeCell.h */,
				5862761722A90726002BDEB1 /* GGXXYYWenTiVC.h */,
				5862761822A90726002BDEB1 /* GGXXYYSuanVC.xib */,
				5862761922A90726002BDEB1 /* GGXXYYXieYiVC.h */,
				5862761A22A90726002BDEB1 /* GGXXYYOutVC.xib */,
				5862761B22A90726002BDEB1 /* GGXXYYSuanVC.h */,
				5862761C22A90726002BDEB1 /* GGXXYYAddAddressVC.m */,
				5862761D22A90726002BDEB1 /* GGXXYYAddAddressVC.xib */,
				5862761E22A90727002BDEB1 /* GGXXYYLoginVC.m */,
				5862761F22A90727002BDEB1 /* GGXXYYMineVC.h */,
				5862762022A90727002BDEB1 /* GGXXYYMineCell.xib */,
				5862762122A90727002BDEB1 /* GGXXYYGouWuChe.m */,
				5862762222A90727002BDEB1 /* GGXXYYOutVC.m */,
				5862762322A90727002BDEB1 /* GGXXYYGoodDetailTVC.m */,
				5862762422A90727002BDEB1 /* GGXXYYMineCell.m */,
				5862762522A90727002BDEB1 /* GGXXYYRenZhengVC.m */,
				5862762722A90727002BDEB1 /* GGXXYYhelpVC.h */,
				5862762822A90727002BDEB1 /* GGXXYYAddressCell.m */,
				5862762922A90727002BDEB1 /* GGXXYYHomeModel.m */,
				5862762A22A90727002BDEB1 /* GGXXYYNewsVC.m */,
				5862762B22A90727002BDEB1 /* GGXXYYMineGouWuListTVC.h */,
				5862762C22A90727002BDEB1 /* GGXXYYNewsCell.h */,
				5862762D22A90727002BDEB1 /* GGXXYYMyCarCell.xib */,
				5862762E22A90727002BDEB1 /* GGXXYYSearchTVC.h */,
				5862762F22A90727002BDEB1 /* GGXXYYAddressTVC.m */,
				5862763022A90727002BDEB1 /* GGXXYYMyCarCell.m */,
				5862763122A90727002BDEB1 /* GGXXYYXieYiVC.xib */,
				5862763222A90727002BDEB1 /* GGXXYYWenTiVC.xib */,
				5862763322A90727002BDEB1 /* GGXXYYXieYiVC.m */,
				5862763422A90727002BDEB1 /* GGXXYYWenTiVC.m */,
				5862763522A90727002BDEB1 /* GGXXYYHomeCell.m */,
				5862763622A90727002BDEB1 /* GGXXYYRenZhengVC.xib */,
				5862763722A90727002BDEB1 /* GGXXYYLoginVC.xib */,
				5862763822A90727002BDEB1 /* GGXXYYMineVC.m */,
				5862763922A90727002BDEB1 /* GGXXYYLoginVC.h */,
				5862763A22A90727002BDEB1 /* GGXXYYHomeCell.xib */,
				5862763B22A90727002BDEB1 /* GGXXYYNewsCell.xib */,
				5862763C22A90727002BDEB1 /* GGXXYYAddAddressVC.h */,
				5862763D22A90727002BDEB1 /* GGXXYYhelpVC.xib */,
				5862763E22A90727002BDEB1 /* GGXXYYSuanVC.m */,
				5862764022A90727002BDEB1 /* GGXXYYRenZhengVC.h */,
				5862764122A90727002BDEB1 /* GGXXYYMineCell.h */,
				5862764222A90727002BDEB1 /* GGXXYYGoodDetailTVC.h */,
				5862764322A90727002BDEB1 /* GGXXYYOutVC.h */,
				5862764422A90727002BDEB1 /* GGXXYYGouWuChe.h */,
			);
			path = SHUIGUO;
			sourceTree = "<group>";
		};
		58700A9D2226712B0022E38D = {
			isa = PBXGroup;
			children = (
				58700AA82226712B0022E38D /* GXYAPP */,
				58700AC12226712C0022E38D /* GXYAPPTests */,
				58700ACC2226712C0022E38D /* GXYAPPUITests */,
				58700AA72226712B0022E38D /* Products */,
				8FDD5A08C3F374F3A6B93E45 /* Pods */,
				6A55B5E2098366DEF5F89138 /* Frameworks */,
			);
			sourceTree = "<group>";
		};
		58700AA72226712B0022E38D /* Products */ = {
			isa = PBXGroup;
			children = (
				58700AA62226712B0022E38D /* GXYAPP.app */,
				58700ABE2226712C0022E38D /* GXYAPPTests.xctest */,
				58700AC92226712C0022E38D /* GXYAPPUITests.xctest */,
			);
			name = Products;
			sourceTree = "<group>";
		};
		58700AA82226712B0022E38D /* GXYAPP */ = {
			isa = PBXGroup;
			children = (
				5862760B22A90726002BDEB1 /* SHUIGUO */,
				5862753822A8FD72002BDEB1 /* JZKJ */,
				581FB7C722A8DF890045FB39 /* UMessage_Sdk_1.3.0 */,
				5831C63522A504E60023D1E5 /* GGXXYYHomeVC.h */,
				5831C63322A504E50023D1E5 /* GGXXYYHomeVC.m */,
				587949F2222CAEB800FA8631 /* FYMySqli */,
				587949CC222CAE3F00FA8631 /* FYtool */,
				587949B4222CAE1E00FA8631 /* FYbase */,
				58700AA92226712B0022E38D /* AppDelegate.h */,
				58700AAA2226712B0022E38D /* AppDelegate.m */,
				583332A5229FDE68008DD9CF /* UIView+KKEB.h */,
				583332A4229FDE68008DD9CF /* UIView+KKEB.m */,
				5862766F22A90A1E002BDEB1 /* TabBarController.h */,
				5862766E22A90A1D002BDEB1 /* TabBarController.m */,
				5862766B22A90984002BDEB1 /* GGXXYYTabBarController.h */,
				5862766C22A90984002BDEB1 /* GGXXYYTabBarController.m */,
				587949B3222CADE300FA8631 /* Header.pch */,
				587949B0222CADA200FA8631 /* UIView+BBB.h */,
				587949B1222CADA300FA8631 /* UIView+BBB.m */,
				58700AAF2226712B0022E38D /* Main.storyboard */,
				58700AB22226712C0022E38D /* Assets.xcassets */,
				58700AB42226712C0022E38D /* LaunchScreen.storyboard */,
				58700AB72226712C0022E38D /* Info.plist */,
				58700AB82226712C0022E38D /* main.m */,
			);
			path = GXYAPP;
			sourceTree = "<group>";
		};
		58700AC12226712C0022E38D /* GXYAPPTests */ = {
			isa = PBXGroup;
			children = (
				58700AC22226712C0022E38D /* GXYAPPTests.m */,
				58700AC42226712C0022E38D /* Info.plist */,
			);
			path = GXYAPPTests;
			sourceTree = "<group>";
		};
		58700ACC2226712C0022E38D /* GXYAPPUITests */ = {
			isa = PBXGroup;
			children = (
				58700ACD2226712C0022E38D /* GXYAPPUITests.m */,
				58700ACF2226712C0022E38D /* Info.plist */,
			);
			path = GXYAPPUITests;
			sourceTree = "<group>";
		};
		587949B4222CAE1E00FA8631 /* FYbase */ = {
			isa = PBXGroup;
			children = (
				587949B5222CAE1E00FA8631 /* BaseCollectionReusableView.h */,
				587949B6222CAE1E00FA8631 /* BaseCollectionReusableView.m */,
				587949B7222CAE1E00FA8631 /* BaseCollectionViewController.h */,
				587949B8222CAE1E00FA8631 /* BaseCollectionViewController.m */,
				587949B9222CAE1E00FA8631 /* BaseNavigationController.h */,
				587949BA222CAE1E00FA8631 /* BaseNavigationController.m */,
				587949BB222CAE1E00FA8631 /* BaseTableViewController.h */,
				587949BC222CAE1E00FA8631 /* BaseTableViewController.m */,
				587949BD222CAE1E00FA8631 /* BaseTableViewHeaderFooterView.h */,
				587949BE222CAE1E00FA8631 /* BaseTableViewHeaderFooterView.m */,
				587949BF222CAE1E00FA8631 /* BaseViewController+PublicMethod.h */,
				587949C0222CAE1E00FA8631 /* BaseViewController+PublicMethod.m */,
				587949C1222CAE1E00FA8631 /* BaseViewController.h */,
				587949C2222CAE1E00FA8631 /* BaseViewController.m */,
				587949C3222CAE1E00FA8631 /* noneDataBg.png */,
			);
			path = FYbase;
			sourceTree = "<group>";
		};
		587949CC222CAE3F00FA8631 /* FYtool */ = {
			isa = PBXGroup;
			children = (
				5862759822A8FEC0002BDEB1 /* zkSignleTool.h */,
				5862759922A8FEC0002BDEB1 /* zkSignleTool.m */,
				5831C69222A5057A0023D1E5 /* GGXXYYSignleTool.h */,
				5831C69122A5057A0023D1E5 /* GGXXYYSignleTool.m */,
				587949CD222CAE3F00FA8631 /* FMDBSingle.h */,
				587949CE222CAE3F00FA8631 /* FMDBSingle.m */,
				587949CF222CAE3F00FA8631 /* MXPhotoPickerController */,
			);
			path = FYtool;
			sourceTree = "<group>";
		};
		587949CF222CAE3F00FA8631 /* MXPhotoPickerController */ = {
			isa = PBXGroup;
			children = (
				587949D0222CAE3F00FA8631 /* mx_pic_selected_no@2x.png */,
				587949D1222CAE3F00FA8631 /* mx_pic_selected_yes@2x.png */,
				587949D2222CAE3F00FA8631 /* mx_picker_back_image@2x.png */,
				587949D3222CAE3F00FA8631 /* MXALAsset.h */,
				587949D4222CAE3F00FA8631 /* MXALAsset.m */,
				587949D5222CAE3F00FA8631 /* MXImageEditController.h */,
				587949D6222CAE3F00FA8631 /* MXImageEditController.m */,
				587949D7222CAE3F00FA8631 /* MXImageGroupController.h */,
				587949D8222CAE3F00FA8631 /* MXImageGroupController.m */,
				587949D9222CAE3F00FA8631 /* MXImageListController.h */,
				587949DA222CAE3F00FA8631 /* MXImageListController.m */,
				587949DB222CAE3F00FA8631 /* MXImagePreviewCell.h */,
				587949DC222CAE3F00FA8631 /* MXImagePreviewCell.m */,
				587949DD222CAE3F00FA8631 /* MXImagePreviewController.h */,
				587949DE222CAE3F00FA8631 /* MXImagePreviewController.m */,
				587949DF222CAE3F00FA8631 /* MXPhotoPickerController.h */,
				587949E0222CAE3F00FA8631 /* MXPhotoPickerController.m */,
				587949E1222CAE3F00FA8631 /* UIViewController+MXPhotoPicker.h */,
				587949E2222CAE3F00FA8631 /* UIViewController+MXPhotoPicker.m */,
			);
			path = MXPhotoPickerController;
			sourceTree = "<group>";
		};
		587949F2222CAEB800FA8631 /* FYMySqli */ = {
			isa = PBXGroup;
			children = (
				587949F3222CAEB800FA8631 /* GGG.db */,
			);
			path = FYMySqli;
			sourceTree = "<group>";
		};
		6A55B5E2098366DEF5F89138 /* Frameworks */ = {
			isa = PBXGroup;
			children = (
				581FB7C522A8D5890045FB39 /* libz.1.1.3.tbd */,
				581FB7C322A8D57F0045FB39 /* libc++.1.tbd */,
				581FB7C122A8D5720045FB39 /* SystemConfiguration.framework */,
				581FB7BF22A8D51B0045FB39 /* CoreGraphics.framework */,
				58700C1722267CF10022E38D /* libsqlite3.0.tbd */,
				4B7A7BE0AEFFEBC411929EFC /* libPods-GXYAPP.a */,
			);
			name = Frameworks;
			sourceTree = "<group>";
		};
		8FDD5A08C3F374F3A6B93E45 /* Pods */ = {
			isa = PBXGroup;
			children = (
				EA5B1EDA37015E4CEF03169A /* Pods-GXYAPP.debug.xcconfig */,
				FFD61ED9E98CCDE407DA9ACB /* Pods-GXYAPP.release.xcconfig */,
			);
			name = Pods;
			sourceTree = "<group>";
		};
/* End PBXGroup section */

/* Begin PBXNativeTarget section */
		58700AA52226712B0022E38D /* GXYAPP */ = {
			isa = PBXNativeTarget;
			buildConfigurationList = 58700AD22226712C0022E38D /* Build configuration list for PBXNativeTarget "GXYAPP" */;
			buildPhases = (
				8F591908138066E8FB5BF71E /* [CP] Check Pods Manifest.lock */,
				58700AA22226712B0022E38D /* Sources */,
				58700AA32226712B0022E38D /* Frameworks */,
				58700AA42226712B0022E38D /* Resources */,
				84609C7CAA7CE0222CCA76CE /* [CP] Copy Pods Resources */,
			);
			buildRules = (
			);
			dependencies = (
			);
			name = GXYAPP;
			productName = GXYAPP;
			productReference = 58700AA62226712B0022E38D /* GXYAPP.app */;
			productType = "com.apple.product-type.application";
		};
		58700ABD2226712C0022E38D /* GXYAPPTests */ = {
			isa = PBXNativeTarget;
			buildConfigurationList = 58700AD52226712C0022E38D /* Build configuration list for PBXNativeTarget "GXYAPPTests" */;
			buildPhases = (
				58700ABA2226712C0022E38D /* Sources */,
				58700ABB2226712C0022E38D /* Frameworks */,
				58700ABC2226712C0022E38D /* Resources */,
			);
			buildRules = (
			);
			dependencies = (
				58700AC02226712C0022E38D /* PBXTargetDependency */,
			);
			name = GXYAPPTests;
			productName = GXYAPPTests;
			productReference = 58700ABE2226712C0022E38D /* GXYAPPTests.xctest */;
			productType = "com.apple.product-type.bundle.unit-test";
		};
		58700AC82226712C0022E38D /* GXYAPPUITests */ = {
			isa = PBXNativeTarget;
			buildConfigurationList = 58700AD82226712C0022E38D /* Build configuration list for PBXNativeTarget "GXYAPPUITests" */;
			buildPhases = (
				58700AC52226712C0022E38D /* Sources */,
				58700AC62226712C0022E38D /* Frameworks */,
				58700AC72226712C0022E38D /* Resources */,
			);
			buildRules = (
			);
			dependencies = (
				58700ACB2226712C0022E38D /* PBXTargetDependency */,
			);
			name = GXYAPPUITests;
			productName = GXYAPPUITests;
			productReference = 58700AC92226712C0022E38D /* GXYAPPUITests.xctest */;
			productType = "com.apple.product-type.bundle.ui-testing";
		};
/* End PBXNativeTarget section */

/* Begin PBXProject section */
		58700A9E2226712B0022E38D /* Project object */ = {
			isa = PBXProject;
			attributes = {
				LastUpgradeCheck = 1010;
				ORGANIZATIONNAME = "张坤";
				TargetAttributes = {
					58700AA52226712B0022E38D = {
						CreatedOnToolsVersion = 10.1;
					};
					58700ABD2226712C0022E38D = {
						CreatedOnToolsVersion = 10.1;
						TestTargetID = 58700AA52226712B0022E38D;
					};
					58700AC82226712C0022E38D = {
						CreatedOnToolsVersion = 10.1;
						TestTargetID = 58700AA52226712B0022E38D;
					};
				};
			};
			buildConfigurationList = 58700AA12226712B0022E38D /* Build configuration list for PBXProject "GXYAPP" */;
			compatibilityVersion = "Xcode 9.3";
			developmentRegion = en;
			hasScannedForEncodings = 0;
			knownRegions = (
				en,
				Base,
			);
			mainGroup = 58700A9D2226712B0022E38D;
			productRefGroup = 58700AA72226712B0022E38D /* Products */;
			projectDirPath = "";
			projectRoot = "";
			targets = (
				58700AA52226712B0022E38D /* GXYAPP */,
				58700ABD2226712C0022E38D /* GXYAPPTests */,
				58700AC82226712C0022E38D /* GXYAPPUITests */,
			);
		};
/* End PBXProject section */

/* Begin PBXResourcesBuildPhase section */
		58700AA42226712B0022E38D /* Resources */ = {
			isa = PBXResourcesBuildPhase;
			buildActionMask = 2147483647;
			files = (
				5862764522A90727002BDEB1 /* GGXXYYAddressCell.xib in Resources */,
				5862766522A90727002BDEB1 /* GGXXYYhelpVC.xib in Resources */,
				586275F022A905EB002BDEB1 /* YJAddressCell.xib in Resources */,
				587949CB222CAE1F00FA8631 /* noneDataBg.png in Resources */,
				586275EF22A905EB002BDEB1 /* YJhelpVC.xib in Resources */,
				587949E6222CAE3F00FA8631 /* mx_pic_selected_no@2x.png in Resources */,
				586275FE22A905EB002BDEB1 /* YJWenTiVC.xib in Resources */,
				5862766122A90727002BDEB1 /* GGXXYYLoginVC.xib in Resources */,
				586275F122A905EB002BDEB1 /* yjMineCell.xib in Resources */,
				587949E7222CAE3F00FA8631 /* mx_pic_selected_yes@2x.png in Resources */,
				58700AB32226712C0022E38D /* Assets.xcassets in Resources */,
				5862765B22A90727002BDEB1 /* GGXXYYXieYiVC.xib in Resources */,
				586275F222A905EB002BDEB1 /* kkRenZhengVC.xib in Resources */,
				586275EB22A905EB002BDEB1 /* kkMyCarCell.xib in Resources */,
				586275F722A905EB002BDEB1 /* YJOutVC.xib in Resources */,
				5862766322A90727002BDEB1 /* GGXXYYHomeCell.xib in Resources */,
				5862767222A90AEF002BDEB1 /* Main.storyboard in Resources */,
				5862765C22A90727002BDEB1 /* GGXXYYWenTiVC.xib in Resources */,
				5862760622A905EB002BDEB1 /* YJAddAddressVC.xib in Resources */,
				587949E8222CAE3F00FA8631 /* mx_picker_back_image@2x.png in Resources */,
				5862766422A90727002BDEB1 /* GGXXYYNewsCell.xib in Resources */,
				5862760722A905EB002BDEB1 /* zkLoginVC.xib in Resources */,
				5862764F22A90727002BDEB1 /* GGXXYYMineCell.xib in Resources */,
				586275F422A905EB002BDEB1 /* YJHomeCell.xib in Resources */,
				5862764B22A90727002BDEB1 /* GGXXYYOutVC.xib in Resources */,
				5862764A22A90727002BDEB1 /* GGXXYYSuanVC.xib in Resources */,
				586275F622A905EB002BDEB1 /* YJXieYiVC.xib in Resources */,
				586275FC22A905EB002BDEB1 /* kkJieSuanVC.xib in Resources */,
				58794A3B222CAEB900FA8631 /* GGG.db in Resources */,
				5862765822A90727002BDEB1 /* GGXXYYMyCarCell.xib in Resources */,
				5862760522A905EB002BDEB1 /* YJNewsCell.xib in Resources */,
				5862766022A90727002BDEB1 /* GGXXYYRenZhengVC.xib in Resources */,
				5862764D22A90727002BDEB1 /* GGXXYYAddAddressVC.xib in Resources */,
				5862767122A90AEC002BDEB1 /* LaunchScreen.storyboard in Resources */,
			);
			runOnlyForDeploymentPostprocessing = 0;
		};
		58700ABC2226712C0022E38D /* Resources */ = {
			isa = PBXResourcesBuildPhase;
			buildActionMask = 2147483647;
			files = (
			);
			runOnlyForDeploymentPostprocessing = 0;
		};
		58700AC72226712C0022E38D /* Resources */ = {
			isa = PBXResourcesBuildPhase;
			buildActionMask = 2147483647;
			files = (
			);
			runOnlyForDeploymentPostprocessing = 0;
		};
/* End PBXResourcesBuildPhase section */

/* Begin PBXShellScriptBuildPhase section */
		84609C7CAA7CE0222CCA76CE /* [CP] Copy Pods Resources */ = {
			isa = PBXShellScriptBuildPhase;
			buildActionMask = 2147483647;
			files = (
			);
			inputFileListPaths = (
				"${PODS_ROOT}/Target Support Files/Pods-GXYAPP/Pods-GXYAPP-resources-${CONFIGURATION}-input-files.xcfilelist",
			);
			name = "[CP] Copy Pods Resources";
			outputFileListPaths = (
				"${PODS_ROOT}/Target Support Files/Pods-GXYAPP/Pods-GXYAPP-resources-${CONFIGURATION}-output-files.xcfilelist",
			);
			runOnlyForDeploymentPostprocessing = 0;
			shellPath = /bin/sh;
			shellScript = "\"${PODS_ROOT}/Target Support Files/Pods-GXYAPP/Pods-GXYAPP-resources.sh\"\n";
			showEnvVarsInLog = 0;
		};
		8F591908138066E8FB5BF71E /* [CP] Check Pods Manifest.lock */ = {
			isa = PBXShellScriptBuildPhase;
			buildActionMask = 2147483647;
			files = (
			);
			inputPaths = (
				"${PODS_PODFILE_DIR_PATH}/Podfile.lock",
				"${PODS_ROOT}/Manifest.lock",
			);
			name = "[CP] Check Pods Manifest.lock";
			outputPaths = (
				"$(DERIVED_FILE_DIR)/Pods-GXYAPP-checkManifestLockResult.txt",
			);
			runOnlyForDeploymentPostprocessing = 0;
			shellPath = /bin/sh;
			shellScript = "diff \"${PODS_PODFILE_DIR_PATH}/Podfile.lock\" \"${PODS_ROOT}/Manifest.lock\" > /dev/null\nif [ $? != 0 ] ; then\n    # print error to STDERR\n    echo \"error: The sandbox is not in sync with the Podfile.lock. Run 'pod install' or update your CocoaPods installation.\" >&2\n    exit 1\nfi\n# This output is used by Xcode 'outputs' to avoid re-running this script phase.\necho \"SUCCESS\" > \"${SCRIPT_OUTPUT_FILE_0}\"\n";
			showEnvVarsInLog = 0;
		};
/* End PBXShellScriptBuildPhase section */

/* Begin PBXSourcesBuildPhase section */
		58700AA22226712B0022E38D /* Sources */ = {
			isa = PBXSourcesBuildPhase;
			buildActionMask = 2147483647;
			files = (
				5862764722A90727002BDEB1 /* GGXXYYNewsCell.m in Sources */,
				586275FB22A905EB002BDEB1 /* YJWenTiVC.m in Sources */,
				586275EE22A905EB002BDEB1 /* kkMyCarCell.m in Sources */,
				5862767022A90A1F002BDEB1 /* TabBarController.m in Sources */,
				5831C63B22A504E60023D1E5 /* GGXXYYHomeVC.m in Sources */,
				587949C5222CAE1F00FA8631 /* BaseCollectionViewController.m in Sources */,
				586275F522A905EB002BDEB1 /* YJHomeModel.m in Sources */,
				5862765E22A90727002BDEB1 /* GGXXYYWenTiVC.m in Sources */,
				5862760922A905EB002BDEB1 /* kkJieSuanVC.m in Sources */,
				5862766D22A90984002BDEB1 /* GGXXYYTabBarController.m in Sources */,
				5862765722A90727002BDEB1 /* GGXXYYNewsVC.m in Sources */,
				583332A6229FDE69008DD9CF /* UIView+KKEB.m in Sources */,
				587949C9222CAE1F00FA8631 /* BaseViewController+PublicMethod.m in Sources */,
				586275FD22A905EB002BDEB1 /* YJNewsCell.m in Sources */,
				5862765622A90727002BDEB1 /* GGXXYYHomeModel.m in Sources */,
				5862766A22A90781002BDEB1 /* GGXXYYHomeJiaTVC.m in Sources */,
				586275FF22A905EB002BDEB1 /* YJAddressCell.m in Sources */,
				587949EB222CAE3F00FA8631 /* MXImageGroupController.m in Sources */,
				5862765D22A90727002BDEB1 /* GGXXYYXieYiVC.m in Sources */,
				586275F922A905EB002BDEB1 /* YJOutVC.m in Sources */,
				586275ED22A905EB002BDEB1 /* YJhelpVC.m in Sources */,
				5862766222A90727002BDEB1 /* GGXXYYMineVC.m in Sources */,
				5862764922A90727002BDEB1 /* GGXXYYhelpVC.m in Sources */,
				586275F322A905EB002BDEB1 /* YJHomeCell.m in Sources */,
				5862765422A90727002BDEB1 /* GGXXYYRenZhengVC.m in Sources */,
				5862765522A90727002BDEB1 /* GGXXYYAddressCell.m in Sources */,
				5862764C22A90727002BDEB1 /* GGXXYYAddAddressVC.m in Sources */,
				5862760822A905EB002BDEB1 /* yjMineCell.m in Sources */,
				587949ED222CAE3F00FA8631 /* MXImagePreviewCell.m in Sources */,
				5862764622A90727002BDEB1 /* GGXXYYSearchTVC.m in Sources */,
				58700AB92226712C0022E38D /* main.m in Sources */,
				587949CA222CAE1F00FA8631 /* BaseViewController.m in Sources */,
				5862764822A90727002BDEB1 /* GGXXYYMineGouWuListTVC.m in Sources */,
				586275EA22A905EB002BDEB1 /* YJGouWuChe.m in Sources */,
				587949E5222CAE3F00FA8631 /* FMDBSingle.m in Sources */,
				586275F822A905EB002BDEB1 /* kkRenZhengVC.m in Sources */,
				587949EA222CAE3F00FA8631 /* MXImageEditController.m in Sources */,
				5862760122A905EB002BDEB1 /* HomeVC.m in Sources */,
				5862765922A90727002BDEB1 /* GGXXYYAddressTVC.m in Sources */,
				587949C6222CAE1F00FA8631 /* BaseNavigationController.m in Sources */,
				5862765F22A90727002BDEB1 /* GGXXYYHomeCell.m in Sources */,
				5862765322A90727002BDEB1 /* GGXXYYMineCell.m in Sources */,
				587949E9222CAE3F00FA8631 /* MXALAsset.m in Sources */,
				586275FA22A905EB002BDEB1 /* NewsVC.m in Sources */,
				587949C7222CAE1F00FA8631 /* BaseTableViewController.m in Sources */,
				5862760022A905EB002BDEB1 /* zkLoginVC.m in Sources */,
				5862760422A905EB002BDEB1 /* kkMineGouWuListTVC.m in Sources */,
				587949EE222CAE3F00FA8631 /* MXImagePreviewController.m in Sources */,
				587949EF222CAE3F00FA8631 /* MXPhotoPickerController.m in Sources */,
				587949EC222CAE3F00FA8631 /* MXImageListController.m in Sources */,
				5862760322A905EB002BDEB1 /* YJXieYiVC.m in Sources */,
				5831C69322A5057A0023D1E5 /* GGXXYYSignleTool.m in Sources */,
				5862764E22A90727002BDEB1 /* GGXXYYLoginVC.m in Sources */,
				587949C4222CAE1F00FA8631 /* BaseCollectionReusableView.m in Sources */,
				5862765222A90727002BDEB1 /* GGXXYYGoodDetailTVC.m in Sources */,
				587949B2222CADA400FA8631 /* UIView+BBB.m in Sources */,
				5862765122A90727002BDEB1 /* GGXXYYOutVC.m in Sources */,
				5862765022A90727002BDEB1 /* GGXXYYGouWuChe.m in Sources */,
				5862760222A905EB002BDEB1 /* kkSearchTVC.m in Sources */,
				5862765A22A90727002BDEB1 /* GGXXYYMyCarCell.m in Sources */,
				587949F0222CAE3F00FA8631 /* UIViewController+MXPhotoPicker.m in Sources */,
				586275E922A905EB002BDEB1 /* MineVC.m in Sources */,
				5862759A22A8FEC0002BDEB1 /* zkSignleTool.m in Sources */,
				586275EC22A905EB002BDEB1 /* YJGoodDetailTVC.m in Sources */,
				58700AAB2226712B0022E38D /* AppDelegate.m in Sources */,
				587949C8222CAE1F00FA8631 /* BaseTableViewHeaderFooterView.m in Sources */,
				5862766622A90727002BDEB1 /* GGXXYYSuanVC.m in Sources */,
				586275E822A905EB002BDEB1 /* YJAddAddressVC.m in Sources */,
				5862760A22A905EB002BDEB1 /* YJAddressTVC.m in Sources */,
			);
			runOnlyForDeploymentPostprocessing = 0;
		};
		58700ABA2226712C0022E38D /* Sources */ = {
			isa = PBXSourcesBuildPhase;
			buildActionMask = 2147483647;
			files = (
				58700AC32226712C0022E38D /* GXYAPPTests.m in Sources */,
			);
			runOnlyForDeploymentPostprocessing = 0;
		};
		58700AC52226712C0022E38D /* Sources */ = {
			isa = PBXSourcesBuildPhase;
			buildActionMask = 2147483647;
			files = (
				58700ACE2226712C0022E38D /* GXYAPPUITests.m in Sources */,
			);
			runOnlyForDeploymentPostprocessing = 0;
		};
/* End PBXSourcesBuildPhase section */

/* Begin PBXTargetDependency section */
		58700AC02226712C0022E38D /* PBXTargetDependency */ = {
			isa = PBXTargetDependency;
			target = 58700AA52226712B0022E38D /* GXYAPP */;
			targetProxy = 58700ABF2226712C0022E38D /* PBXContainerItemProxy */;
		};
		58700ACB2226712C0022E38D /* PBXTargetDependency */ = {
			isa = PBXTargetDependency;
			target = 58700AA52226712B0022E38D /* GXYAPP */;
			targetProxy = 58700ACA2226712C0022E38D /* PBXContainerItemProxy */;
		};
/* End PBXTargetDependency section */

/* Begin PBXVariantGroup section */
		58700AAF2226712B0022E38D /* Main.storyboard */ = {
			isa = PBXVariantGroup;
			children = (
				58700AB02226712B0022E38D /* Base */,
			);
			name = Main.storyboard;
			sourceTree = "<group>";
		};
		58700AB42226712C0022E38D /* LaunchScreen.storyboard */ = {
			isa = PBXVariantGroup;
			children = (
				58700AB52226712C0022E38D /* Base */,
			);
			name = LaunchScreen.storyboard;
			sourceTree = "<group>";
		};
/* End PBXVariantGroup section */

/* Begin XCBuildConfiguration section */
		58700AD02226712C0022E38D /* Debug */ = {
			isa = XCBuildConfiguration;
			buildSettings = {
				ALWAYS_SEARCH_USER_PATHS = NO;
				CLANG_ANALYZER_NONNULL = YES;
				CLANG_ANALYZER_NUMBER_OBJECT_CONVERSION = YES_AGGRESSIVE;
				CLANG_CXX_LANGUAGE_STANDARD = "gnu++14";
				CLANG_CXX_LIBRARY = "libc++";
				CLANG_ENABLE_MODULES = YES;
				CLANG_ENABLE_OBJC_ARC = YES;
				CLANG_ENABLE_OBJC_WEAK = YES;
				CLANG_WARN_BLOCK_CAPTURE_AUTORELEASING = YES;
				CLANG_WARN_BOOL_CONVERSION = YES;
				CLANG_WARN_COMMA = YES;
				CLANG_WARN_CONSTANT_CONVERSION = YES;
				CLANG_WARN_DEPRECATED_OBJC_IMPLEMENTATIONS = YES;
				CLANG_WARN_DIRECT_OBJC_ISA_USAGE = YES_ERROR;
				CLANG_WARN_DOCUMENTATION_COMMENTS = YES;
				CLANG_WARN_EMPTY_BODY = YES;
				CLANG_WARN_ENUM_CONVERSION = YES;
				CLANG_WARN_INFINITE_RECURSION = YES;
				CLANG_WARN_INT_CONVERSION = YES;
				CLANG_WARN_NON_LITERAL_NULL_CONVERSION = YES;
				CLANG_WARN_OBJC_IMPLICIT_RETAIN_SELF = YES;
				CLANG_WARN_OBJC_LITERAL_CONVERSION = YES;
				CLANG_WARN_OBJC_ROOT_CLASS = YES_ERROR;
				CLANG_WARN_RANGE_LOOP_ANALYSIS = YES;
				CLANG_WARN_STRICT_PROTOTYPES = YES;
				CLANG_WARN_SUSPICIOUS_MOVE = YES;
				CLANG_WARN_UNGUARDED_AVAILABILITY = YES_AGGRESSIVE;
				CLANG_WARN_UNREACHABLE_CODE = YES;
				CLANG_WARN__DUPLICATE_METHOD_MATCH = YES;
				CODE_SIGN_IDENTITY = "iPhone Developer";
				COPY_PHASE_STRIP = NO;
				DEBUG_INFORMATION_FORMAT = dwarf;
				ENABLE_STRICT_OBJC_MSGSEND = YES;
				ENABLE_TESTABILITY = YES;
				GCC_C_LANGUAGE_STANDARD = gnu11;
				GCC_DYNAMIC_NO_PIC = NO;
				GCC_NO_COMMON_BLOCKS = YES;
				GCC_OPTIMIZATION_LEVEL = 0;
				GCC_PREPROCESSOR_DEFINITIONS = (
					"DEBUG=1",
					"$(inherited)",
				);
				GCC_WARN_64_TO_32_BIT_CONVERSION = YES;
				GCC_WARN_ABOUT_RETURN_TYPE = YES_ERROR;
				GCC_WARN_UNDECLARED_SELECTOR = YES;
				GCC_WARN_UNINITIALIZED_AUTOS = YES_AGGRESSIVE;
				GCC_WARN_UNUSED_FUNCTION = YES;
				GCC_WARN_UNUSED_VARIABLE = YES;
				IPHONEOS_DEPLOYMENT_TARGET = 12.1;
				MTL_ENABLE_DEBUG_INFO = INCLUDE_SOURCE;
				MTL_FAST_MATH = YES;
				ONLY_ACTIVE_ARCH = YES;
				SDKROOT = iphoneos;
			};
			name = Debug;
		};
		58700AD12226712C0022E38D /* Release */ = {
			isa = XCBuildConfiguration;
			buildSettings = {
				ALWAYS_SEARCH_USER_PATHS = NO;
				CLANG_ANALYZER_NONNULL = YES;
				CLANG_ANALYZER_NUMBER_OBJECT_CONVERSION = YES_AGGRESSIVE;
				CLANG_CXX_LANGUAGE_STANDARD = "gnu++14";
				CLANG_CXX_LIBRARY = "libc++";
				CLANG_ENABLE_MODULES = YES;
				CLANG_ENABLE_OBJC_ARC = YES;
				CLANG_ENABLE_OBJC_WEAK = YES;
				CLANG_WARN_BLOCK_CAPTURE_AUTORELEASING = YES;
				CLANG_WARN_BOOL_CONVERSION = YES;
				CLANG_WARN_COMMA = YES;
				CLANG_WARN_CONSTANT_CONVERSION = YES;
				CLANG_WARN_DEPRECATED_OBJC_IMPLEMENTATIONS = YES;
				CLANG_WARN_DIRECT_OBJC_ISA_USAGE = YES_ERROR;
				CLANG_WARN_DOCUMENTATION_COMMENTS = YES;
				CLANG_WARN_EMPTY_BODY = YES;
				CLANG_WARN_ENUM_CONVERSION = YES;
				CLANG_WARN_INFINITE_RECURSION = YES;
				CLANG_WARN_INT_CONVERSION = YES;
				CLANG_WARN_NON_LITERAL_NULL_CONVERSION = YES;
				CLANG_WARN_OBJC_IMPLICIT_RETAIN_SELF = YES;
				CLANG_WARN_OBJC_LITERAL_CONVERSION = YES;
				CLANG_WARN_OBJC_ROOT_CLASS = YES_ERROR;
				CLANG_WARN_RANGE_LOOP_ANALYSIS = YES;
				CLANG_WARN_STRICT_PROTOTYPES = YES;
				CLANG_WARN_SUSPICIOUS_MOVE = YES;
				CLANG_WARN_UNGUARDED_AVAILABILITY = YES_AGGRESSIVE;
				CLANG_WARN_UNREACHABLE_CODE = YES;
				CLANG_WARN__DUPLICATE_METHOD_MATCH = YES;
				CODE_SIGN_IDENTITY = "iPhone Developer";
				COPY_PHASE_STRIP = NO;
				DEBUG_INFORMATION_FORMAT = "dwarf-with-dsym";
				ENABLE_NS_ASSERTIONS = NO;
				ENABLE_STRICT_OBJC_MSGSEND = YES;
				GCC_C_LANGUAGE_STANDARD = gnu11;
				GCC_NO_COMMON_BLOCKS = YES;
				GCC_WARN_64_TO_32_BIT_CONVERSION = YES;
				GCC_WARN_ABOUT_RETURN_TYPE = YES_ERROR;
				GCC_WARN_UNDECLARED_SELECTOR = YES;
				GCC_WARN_UNINITIALIZED_AUTOS = YES_AGGRESSIVE;
				GCC_WARN_UNUSED_FUNCTION = YES;
				GCC_WARN_UNUSED_VARIABLE = YES;
				IPHONEOS_DEPLOYMENT_TARGET = 12.1;
				MTL_ENABLE_DEBUG_INFO = NO;
				MTL_FAST_MATH = YES;
				SDKROOT = iphoneos;
				VALIDATE_PRODUCT = YES;
			};
			name = Release;
		};
		58700AD32226712C0022E38D /* Debug */ = {
			isa = XCBuildConfiguration;
			baseConfigurationReference = EA5B1EDA37015E4CEF03169A /* Pods-GXYAPP.debug.xcconfig */;
			buildSettings = {
				ASSETCATALOG_COMPILER_APPICON_NAME = AppIcon;
				CODE_SIGN_IDENTITY = "iPhone Developer";
				CODE_SIGN_INJECT_BASE_ENTITLEMENTS = YES;
				CODE_SIGN_STYLE = Manual;
				DEVELOPMENT_TEAM = ZSL4MW2WKS;
				ENABLE_BITCODE = YES;
				GCC_PREFIX_HEADER = GXYAPP/Header.pch;
				INFOPLIST_FILE = GXYAPP/Info.plist;
				IPHONEOS_DEPLOYMENT_TARGET = 9.0;
				LD_RUNPATH_SEARCH_PATHS = (
					"$(inherited)",
					"@executable_path/Frameworks",
				);
				LIBRARY_SEARCH_PATHS = (
					"$(inherited)",
					"$(PROJECT_DIR)/GXYAPP/UMessage_Sdk_1.3.0",
				);
				PRODUCT_BUNDLE_IDENTIFIER = com.GGXXYY.app;
				PRODUCT_NAME = "$(TARGET_NAME)";
				PROVISIONING_PROFILE_SPECIFIER = GGXXYYdev;
				TARGETED_DEVICE_FAMILY = 1;
				VALID_ARCHS = "arm64 arm64e armv7s";
			};
			name = Debug;
		};
		58700AD42226712C0022E38D /* Release */ = {
			isa = XCBuildConfiguration;
			baseConfigurationReference = FFD61ED9E98CCDE407DA9ACB /* Pods-GXYAPP.release.xcconfig */;
			buildSettings = {
				ASSETCATALOG_COMPILER_APPICON_NAME = AppIcon;
				CODE_SIGN_IDENTITY = "iPhone Distribution";
				CODE_SIGN_INJECT_BASE_ENTITLEMENTS = YES;
				CODE_SIGN_STYLE = Manual;
				DEVELOPMENT_TEAM = ZSL4MW2WKS;
				ENABLE_BITCODE = YES;
				GCC_PREFIX_HEADER = GXYAPP/Header.pch;
				INFOPLIST_FILE = GXYAPP/Info.plist;
				IPHONEOS_DEPLOYMENT_TARGET = 9.0;
				LD_RUNPATH_SEARCH_PATHS = (
					"$(inherited)",
					"@executable_path/Frameworks",
				);
				LIBRARY_SEARCH_PATHS = (
					"$(inherited)",
					"$(PROJECT_DIR)/GXYAPP/UMessage_Sdk_1.3.0",
				);
				PRODUCT_BUNDLE_IDENTIFIER = com.GGXXYY.app;
				PRODUCT_NAME = "$(TARGET_NAME)";
				PROVISIONING_PROFILE_SPECIFIER = GGXXYYdis;
				TARGETED_DEVICE_FAMILY = 1;
				VALID_ARCHS = "arm64 arm64e armv7s";
			};
			name = Release;
		};
		58700AD62226712C0022E38D /* Debug */ = {
			isa = XCBuildConfiguration;
			buildSettings = {
				BUNDLE_LOADER = "$(TEST_HOST)";
				CODE_SIGN_STYLE = Automatic;
				INFOPLIST_FILE = GXYAPPTests/Info.plist;
				LD_RUNPATH_SEARCH_PATHS = (
					"$(inherited)",
					"@executable_path/Frameworks",
					"@loader_path/Frameworks",
				);
				PRODUCT_BUNDLE_IDENTIFIER = com.zk.GXYAPPTests;
				PRODUCT_NAME = "$(TARGET_NAME)";
				TARGETED_DEVICE_FAMILY = "1,2";
				TEST_HOST = "$(BUILT_PRODUCTS_DIR)/GXYAPP.app/GXYAPP";
			};
			name = Debug;
		};
		58700AD72226712C0022E38D /* Release */ = {
			isa = XCBuildConfiguration;
			buildSettings = {
				BUNDLE_LOADER = "$(TEST_HOST)";
				CODE_SIGN_STYLE = Automatic;
				INFOPLIST_FILE = GXYAPPTests/Info.plist;
				LD_RUNPATH_SEARCH_PATHS = (
					"$(inherited)",
					"@executable_path/Frameworks",
					"@loader_path/Frameworks",
				);
				PRODUCT_BUNDLE_IDENTIFIER = com.zk.GXYAPPTests;
				PRODUCT_NAME = "$(TARGET_NAME)";
				TARGETED_DEVICE_FAMILY = "1,2";
				TEST_HOST = "$(BUILT_PRODUCTS_DIR)/GXYAPP.app/GXYAPP";
			};
			name = Release;
		};
		58700AD92226712C0022E38D /* Debug */ = {
			isa = XCBuildConfiguration;
			buildSettings = {
				CODE_SIGN_STYLE = Automatic;
				INFOPLIST_FILE = GXYAPPUITests/Info.plist;
				LD_RUNPATH_SEARCH_PATHS = (
					"$(inherited)",
					"@executable_path/Frameworks",
					"@loader_path/Frameworks",
				);
				PRODUCT_BUNDLE_IDENTIFIER = com.zk.GXYAPPUITests;
				PRODUCT_NAME = "$(TARGET_NAME)";
				TARGETED_DEVICE_FAMILY = "1,2";
				TEST_TARGET_NAME = GXYAPP;
			};
			name = Debug;
		};
		58700ADA2226712C0022E38D /* Release */ = {
			isa = XCBuildConfiguration;
			buildSettings = {
				CODE_SIGN_STYLE = Automatic;
				INFOPLIST_FILE = GXYAPPUITests/Info.plist;
				LD_RUNPATH_SEARCH_PATHS = (
					"$(inherited)",
					"@executable_path/Frameworks",
					"@loader_path/Frameworks",
				);
				PRODUCT_BUNDLE_IDENTIFIER = com.zk.GXYAPPUITests;
				PRODUCT_NAME = "$(TARGET_NAME)";
				TARGETED_DEVICE_FAMILY = "1,2";
				TEST_TARGET_NAME = GXYAPP;
			};
			name = Release;
		};
/* End XCBuildConfiguration section */

/* Begin XCConfigurationList section */
		58700AA12226712B0022E38D /* Build configuration list for PBXProject "GXYAPP" */ = {
			isa = XCConfigurationList;
			buildConfigurations = (
				58700AD02226712C0022E38D /* Debug */,
				58700AD12226712C0022E38D /* Release */,
			);
			defaultConfigurationIsVisible = 0;
			defaultConfigurationName = Release;
		};
		58700AD22226712C0022E38D /* Build configuration list for PBXNativeTarget "GXYAPP" */ = {
			isa = XCConfigurationList;
			buildConfigurations = (
				58700AD32226712C0022E38D /* Debug */,
				58700AD42226712C0022E38D /* Release */,
			);
			defaultConfigurationIsVisible = 0;
			defaultConfigurationName = Release;
		};
		58700AD52226712C0022E38D /* Build configuration list for PBXNativeTarget "GXYAPPTests" */ = {
			isa = XCConfigurationList;
			buildConfigurations = (
				58700AD62226712C0022E38D /* Debug */,
				58700AD72226712C0022E38D /* Release */,
			);
			defaultConfigurationIsVisible = 0;
			defaultConfigurationName = Release;
		};
		58700AD82226712C0022E38D /* Build configuration list for PBXNativeTarget "GXYAPPUITests" */ = {
			isa = XCConfigurationList;
			buildConfigurations = (
				58700AD92226712C0022E38D /* Debug */,
				58700ADA2226712C0022E38D /* Release */,
			);
			defaultConfigurationIsVisible = 0;
			defaultConfigurationName = Release;
		};
/* End XCConfigurationList section */
	};
	rootObject = 58700A9E2226712B0022E38D /* Project object */;
}
